{
  "version": 4,
  "terraform_version": "1.16.3",
  "serial": 636,
  "lineage": "560f8bb6-12e5-ba1c-f7f9-74f6e736766b",
  "outputs": {},
  "resources": [
    {
      "mode": "data",
      "type": "aws_subnets",
      "name": "main",
      "provider": "provider[\"registry.terraform.io/hashicorp/aws\"]",
      "instances": [
        {
          "schema_version": 0,
          "attributes": {
            "filter": [
              {
                "name": "vpc-id",
                "values": [
                  "vpc-02cb40b4e650bf1fb"
                ]
              }
            ],
            "id": "us-east-1",
            "ids": [
              "subnet-0034bda580633f970",
              "subnet-0642a3fa899c6b146",
              "subnet-0b0af126460583eba",
              "subnet-0dd5d6a1cc7844d56",
              "subnet-0ab9f1adb21d08d4a",
              "subnet-08a15b0fc26f78b95"
            ],
            "region": "us-east-1",
            "tags": null,
            "timeouts": null
          },
          "sensitive_attributes": [],
          "identity_schema_version": 0
        }
      ]
    },
    {
      "mode": "data",
      "type": "aws_vpc",
      "name": "main",
      "provider": "provider[\"registry.terraform.io/hashicorp/aws\"]",
      "instances": [
        {
          "schema_version": 0,
          "attributes": {
            "arn": "arn:aws:ec2:us-east-1:552940445807:vpc/vpc-02cb40b4e650bf1fb",
            "cidr_block": "172.31.0.0/16",
            "cidr_block_associations": [
              {
                "association_id": "vpc-cidr-assoc-0cdfea5b748a218ff",
                "cidr_block": "172.31.0.0/16",
                "state": "associated"
              }
            ],
            "default": true,
            "dhcp_options_id": "dopt-07f456cc180bc14e0",
            "enable_dns_hostnames": true,
            "enable_dns_support": true,
            "enable_network_address_usage_metrics": false,
            "filter": null,
            "id": "vpc-02cb40b4e650bf1fb",
            "instance_tenancy": "default",
            "ipv6_association_id": "",
            "ipv6_cidr_block": "",
            "ipv6_cidr_block_associations": [],
            "main_route_table_id": "rtb-0e166e0ecc1275895",
            "owner_id": "552940445807",
            "region": "us-east-1",
            "state": null,
            "tags": {},
            "timeouts": null
          },
          "sensitive_attributes": [],
          "identity_schema_version": 0
        }
      ]
    },
    {
      "mode": "managed",
      "type": "aws_ecr_repository",
      "name": "backend",
      "provider": "provider[\"registry.terraform.io/hashicorp/aws\"]",
      "instances": [
        {
          "schema_version": 0,
          "attributes": {
            "arn": "arn:aws:ecr:us-east-1:552940445807:repository/app-4-backend",
            "encryption_configuration": [
              {
                "encryption_type": "AES256",
                "kms_key": ""
              }
            ],
            "force_delete": null,
            "id": "app-4-backend",
            "image_scanning_configuration": [
              {
                "scan_on_push": true
              }
            ],
            "image_tag_mutability": "IMMUTABLE",
            "image_tag_mutability_exclusion_filter": [],
            "name": "app-4-backend",
            "region": "us-east-1",
            "registry_id": "552940445807",
            "repository_url": "552940445807.dkr.ecr.us-east-1.amazonaws.com/app-4-backend",
            "tags": {},
            "tags_all": {},
            "timeouts": null
          },
          "sensitive_attributes": [],
          "identity_schema_version": 0,
          "identity": {
            "account_id": "552940445807",
            "name": "app-4-backend",
            "region": "us-east-1"
          },
          "private": "eyJlMmJmYjczMC1lY2FhLTExZTYtOGY4OC0zNDM2M2JjN2M0YzAiOnsiZGVsZXRlIjoxMjAwMDAwMDAwMDAwfX0="
        }
      ]
    },
    {
      "mode": "managed",
      "type": "aws_ecr_repository",
      "name": "db",
      "provider": "provider[\"registry.terraform.io/hashicorp/aws\"]",
      "instances": [
        {
          "schema_version": 0,
          "attributes": {
            "arn": "arn:aws:ecr:us-east-1:552940445807:repository/app-4-db",
            "encryption_configuration": [
              {
                "encryption_type": "AES256",
                "kms_key": ""
              }
            ],
            "force_delete": null,
            "id": "app-4-db",
            "image_scanning_configuration": [
              {
                "scan_on_push": true
              }
            ],
            "image_tag_mutability": "IMMUTABLE",
            "image_tag_mutability_exclusion_filter": [],
            "name": "app-4-db",
            "region": "us-east-1",
            "registry_id": "552940445807",
            "repository_url": "552940445807.dkr.ecr.us-east-1.amazonaws.com/app-4-db",
            "tags": {},
            "tags_all": {},
            "timeouts": null
          },
          "sensitive_attributes": [],
          "identity_schema_version": 0,
          "identity": {
            "account_id": "552940445807",
            "name": "app-4-db",
            "region": "us-east-1"
          },
          "private": "eyJlMmJmYjczMC1lY2FhLTExZTYtOGY4OC0zNDM2M2JjN2M0YzAiOnsiZGVsZXRlIjoxMjAwMDAwMDAwMDAwfX0="
        }
      ]
    },
    {
      "mode": "managed",
      "type": "aws_ecr_repository",
      "name": "frontend",
      "provider": "provider[\"registry.terraform.io/hashicorp/aws\"]",
      "instances": [
        {
          "schema_version": 0,
          "attributes": {
            "arn": "arn:aws:ecr:us-east-1:552940445807:repository/app-4-frontend",
            "encryption_configuration": [
              {
                "encryption_type": "AES256",
                "kms_key": ""
              }
            ],
            "force_delete": null,
            "id": "app-4-frontend",
            "image_scanning_configuration": [
              {
                "scan_on_push": true
              }
            ],
            "image_tag_mutability": "IMMUTABLE",
            "image_tag_mutability_exclusion_filter": [],
            "name": "app-4-frontend",
            "region": "us-east-1",
            "registry_id": "552940445807",
            "repository_url": "552940445807.dkr.ecr.us-east-1.amazonaws.com/app-4-frontend",
            "tags": {},
            "tags_all": {},
            "timeouts": null
          },
          "sensitive_attributes": [],
          "identity_schema_version": 0,
          "identity": {
            "account_id": "552940445807",
            "name": "app-4-frontend",
            "region": "us-east-1"
          },
          "private": "eyJlMmJmYjczMC1lY2FhLTExZTYtOGY4OC0zNDM2M2JjN2M0YzAiOnsiZGVsZXRlIjoxMjAwMDAwMDAwMDAwfX0="
        }
      ]
    },
    {
      "mode": "managed",
      "type": "aws_ecs_cluster",
      "name": "dev",
      "provider": "provider[\"registry.terraform.io/hashicorp/aws\"]",
      "instances": [
        {
          "schema_version": 0,
          "attributes": {
            "arn": "arn:aws:ecs:us-east-1:552940445807:cluster/app-4-dev-cluster",
            "configuration": [],
            "id": "arn:aws:ecs:us-east-1:552940445807:cluster/app-4-dev-cluster",
            "name": "app-4-dev-cluster",
            "region": "us-east-1",
            "service_connect_defaults": [],
            "setting": [
              {
                "name": "containerInsights",
                "value": "disabled"
              }
            ],
            "tags": {},
            "tags_all": {}
          },
          "sensitive_attributes": [],
          "identity_schema_version": 0,
          "identity": {
            "account_id": "552940445807",
            "name": "app-4-dev-cluster",
            "region": "us-east-1"
          },
          "private": "bnVsbA=="
        }
      ]
    },
    {
      "mode": "managed",
      "type": "aws_ecs_cluster",
      "name": "prod",
      "provider": "provider[\"registry.terraform.io/hashicorp/aws\"]",
      "instances": [
        {
          "schema_version": 0,
          "attributes": {
            "arn": "arn:aws:ecs:us-east-1:552940445807:cluster/app-4-prod-cluster",
            "configuration": [],
            "id": "arn:aws:ecs:us-east-1:552940445807:cluster/app-4-prod-cluster",
            "name": "app-4-prod-cluster",
            "region": "us-east-1",
            "service_connect_defaults": [],
            "setting": [
              {
                "name": "containerInsights",
                "value": "disabled"
              }
            ],
            "tags": {},
            "tags_all": {}
          },
          "sensitive_attributes": [],
          "identity_schema_version": 0,
          "identity": {
            "account_id": "552940445807",
            "name": "app-4-prod-cluster",
            "region": "us-east-1"
          },
          "private": "bnVsbA=="
        }
      ]
    },
    {
      "mode": "managed",
      "type": "aws_ecs_cluster",
      "name": "qa",
      "provider": "provider[\"registry.terraform.io/hashicorp/aws\"]",
      "instances": [
        {
          "schema_version": 0,
          "attributes": {
            "arn": "arn:aws:ecs:us-east-1:552940445807:cluster/app-4-qa-cluster",
            "configuration": [],
            "id": "arn:aws:ecs:us-east-1:552940445807:cluster/app-4-qa-cluster",
            "name": "app-4-qa-cluster",
            "region": "us-east-1",
            "service_connect_defaults": [],
            "setting": [
              {
                "name": "containerInsights",
                "value": "disabled"
              }
            ],
            "tags": {},
            "tags_all": {}
          },
          "sensitive_attributes": [],
          "identity_schema_version": 0,
          "identity": {
            "account_id": "552940445807",
            "name": "app-4-qa-cluster",
            "region": "us-east-1"
          },
          "private": "bnVsbA=="
        }
      ]
    },
    {
      "mode": "managed",
      "type": "aws_ecs_cluster",
      "name": "uat",
      "provider": "provider[\"registry.terraform.io/hashicorp/aws\"]",
      "instances": [
        {
          "schema_version": 0,
          "attributes": {
            "arn": "arn:aws:ecs:us-east-1:552940445807:cluster/app-4-uat-cluster",
            "configuration": [],
            "id": "arn:aws:ecs:us-east-1:552940445807:cluster/app-4-uat-cluster",
            "name": "app-4-uat-cluster",
            "region": "us-east-1",
            "service_connect_defaults": [],
            "setting": [
              {
                "name": "containerInsights",
                "value": "disabled"
              }
            ],
            "tags": {},
            "tags_all": {}
          },
          "sensitive_attributes": [],
          "identity_schema_version": 0,
          "identity": {
            "account_id": "552940445807",
            "name": "app-4-uat-cluster",
            "region": "us-east-1"
          },
          "private": "bnVsbA=="
        }
      ]
    },
    {
      "mode": "managed",
      "type": "aws_ecs_service",
      "name": "backend",
      "provider": "provider[\"registry.terraform.io/hashicorp/aws\"]",
      "instances": [
        {
          "index_key": "dev",
          "schema_version": 1,
          "attributes": {
            "alarms": [],
            "arn": "arn:aws:ecs:us-east-1:552940445807:service/app-4-dev-cluster/app-4-dev-backend-service",
            "availability_zone_rebalancing": "ENABLED",
            "capacity_provider_strategy": [],
            "cluster": "arn:aws:ecs:us-east-1:552940445807:cluster/app-4-dev-cluster",
            "deployment_circuit_breaker": [
              {
                "enable": false,
                "rollback": false
              }
            ],
            "deployment_configuration": [
              {
                "bake_time_in_minutes": "0",
                "canary_configuration": [],
                "lifecycle_hook": [],
                "linear_configuration": [],
                "strategy": "ROLLING"
              }
            ],
            "deployment_controller": [
              {
                "type": "ECS"
              }
            ],
            "deployment_maximum_percent": 200,
            "deployment_minimum_healthy_percent": 100,
            "desired_count": 1,
            "enable_ecs_managed_tags": false,
            "enable_execute_command": false,
            "force_delete": null,
            "force_new_deployment": null,
            "health_check_grace_period_seconds": 0,
            "iam_role": "/aws-service-role/ecs.amazonaws.com/AWSServiceRoleForECS",
            "id": "arn:aws:ecs:us-east-1:552940445807:service/app-4-dev-cluster/app-4-dev-backend-service",
            "launch_type": "FARGATE",
            "load_balancer": [
              {
                "advanced_configuration": [],
                "container_name": "backend",
                "container_port": 8000,
                "elb_name": "",
                "target_group_arn": "arn:aws:elasticloadbalancing:us-east-1:552940445807:targetgroup/app-4-dev-b-tg/b79e6ccdf8b1b86c"
              }
            ],
            "name": "app-4-dev-backend-service",
            "network_configuration": [
              {
                "assign_public_ip": true,
                "security_groups": [
                  "sg-0a6dbd5b2400543e2"
                ],
                "subnets": [
                  "subnet-0034bda580633f970",
                  "subnet-0642a3fa899c6b146",
                  "subnet-08a15b0fc26f78b95",
                  "subnet-0ab9f1adb21d08d4a",
                  "subnet-0b0af126460583eba",
                  "subnet-0dd5d6a1cc7844d56"
                ]
              }
            ],
            "ordered_placement_strategy": [],
            "placement_constraints": [],
            "platform_version": "LATEST",
            "propagate_tags": "NONE",
            "region": "us-east-1",
            "scheduling_strategy": "REPLICA",
            "service_connect_configuration": [
              {
                "access_log_configuration": [],
                "enabled": true,
                "log_configuration": [],
                "namespace": "arn:aws:servicediscovery:us-east-1:552940445807:namespace/ns-jerrpqcwb7hw2p2l",
                "service": [
                  {
                    "client_alias": [
                      {
                        "dns_name": "app4-backend",
                        "port": 8000,
                        "test_traffic_rules": []
                      }
                    ],
                    "discovery_name": "app4-backend",
                    "ingress_port_override": 0,
                    "port_name": "backend",
                    "timeout": [],
                    "tls": []
                  }
                ]
              }
            ],
            "service_registries": [],
            "sigint_rollback": null,
            "tags": {},
            "tags_all": {},
            "task_definition": "arn:aws:ecs:us-east-1:552940445807:task-definition/app-4-dev-backend:3",
            "timeouts": null,
            "triggers": {},
            "volume_configuration": [],
            "vpc_lattice_configurations": [],
            "wait_for_steady_state": false
          },
          "sensitive_attributes": [],
          "identity_schema_version": 0,
          "identity": {
            "account_id": "552940445807",
            "cluster": "arn:aws:ecs:us-east-1:552940445807:cluster/app-4-dev-cluster",
            "name": "app-4-dev-backend-service",
            "region": "us-east-1"
          },
          "private": "eyJlMmJmYjczMC1lY2FhLTExZTYtOGY4OC0zNDM2M2JjN2M0YzAiOnsiY3JlYXRlIjoxMjAwMDAwMDAwMDAwLCJkZWxldGUiOjEyMDAwMDAwMDAwMDAsInVwZGF0ZSI6MTIwMDAwMDAwMDAwMH0sInNjaGVtYV92ZXJzaW9uIjoiMSJ9",
          "dependencies": [
            "aws_ecs_cluster.dev",
            "aws_ecs_cluster.prod",
            "aws_ecs_cluster.qa",
            "aws_ecs_cluster.uat",
            "aws_ecs_task_definition.backend",
            "aws_iam_role.ecs_execution_role",
            "aws_lb.frontend",
            "aws_lb_listener.frontend",
            "aws_lb_listener_rule.backend_api",
            "aws_lb_target_group.backend",
            "aws_lb_target_group.frontend",
            "aws_security_group.alb",
            "aws_security_group.ecs",
            "aws_service_discovery_http_namespace.app1_dev",
            "aws_service_discovery_http_namespace.app1_prod",
            "aws_service_discovery_http_namespace.app1_qa",
            "aws_service_discovery_http_namespace.app1_uat",
            "data.aws_subnets.main",
            "data.aws_vpc.main"
          ]
        },
        {
          "index_key": "prod",
          "schema_version": 1,
          "attributes": {
            "alarms": [],
            "arn": "arn:aws:ecs:us-east-1:552940445807:service/app-4-prod-cluster/app-4-prod-backend-service",
            "availability_zone_rebalancing": "ENABLED",
            "capacity_provider_strategy": [],
            "cluster": "arn:aws:ecs:us-east-1:552940445807:cluster/app-4-prod-cluster",
            "deployment_circuit_breaker": [
              {
                "enable": false,
                "rollback": false
              }
            ],
            "deployment_configuration": [
              {
                "bake_time_in_minutes": "0",
                "canary_configuration": [],
                "lifecycle_hook": [],
                "linear_configuration": [],
                "strategy": "ROLLING"
              }
            ],
            "deployment_controller": [
              {
                "type": "ECS"
              }
            ],
            "deployment_maximum_percent": 200,
            "deployment_minimum_healthy_percent": 100,
            "desired_count": 1,
            "enable_ecs_managed_tags": false,
            "enable_execute_command": false,
            "force_delete": null,
            "force_new_deployment": null,
            "health_check_grace_period_seconds": 0,
            "iam_role": "/aws-service-role/ecs.amazonaws.com/AWSServiceRoleForECS",
            "id": "arn:aws:ecs:us-east-1:552940445807:service/app-4-prod-cluster/app-4-prod-backend-service",
            "launch_type": "FARGATE",
            "load_balancer": [
              {
                "advanced_configuration": [],
                "container_name": "backend",
                "container_port": 8000,
                "elb_name": "",
                "target_group_arn": "arn:aws:elasticloadbalancing:us-east-1:552940445807:targetgroup/app-4-prod-b-tg/7b1dcb67d8eca661"
              }
            ],
            "name": "app-4-prod-backend-service",
            "network_configuration": [
              {
                "assign_public_ip": true,
                "security_groups": [
                  "sg-0a6dbd5b2400543e2"
                ],
                "subnets": [
                  "subnet-0034bda580633f970",
                  "subnet-0642a3fa899c6b146",
                  "subnet-08a15b0fc26f78b95",
                  "subnet-0ab9f1adb21d08d4a",
                  "subnet-0b0af126460583eba",
                  "subnet-0dd5d6a1cc7844d56"
                ]
              }
            ],
            "ordered_placement_strategy": [],
            "placement_constraints": [],
            "platform_version": "LATEST",
            "propagate_tags": "NONE",
            "region": "us-east-1",
            "scheduling_strategy": "REPLICA",
            "service_connect_configuration": [
              {
                "access_log_configuration": [],
                "enabled": true,
                "log_configuration": [],
                "namespace": "arn:aws:servicediscovery:us-east-1:552940445807:namespace/ns-gtclfg3l33c65fsr",
                "service": [
                  {
                    "client_alias": [
                      {
                        "dns_name": "app4-backend",
                        "port": 8000,
                        "test_traffic_rules": []
                      }
                    ],
                    "discovery_name": "app4-backend",
                    "ingress_port_override": 0,
                    "port_name": "backend",
                    "timeout": [],
                    "tls": []
                  }
                ]
              }
            ],
            "service_registries": [],
            "sigint_rollback": null,
            "tags": {},
            "tags_all": {},
            "task_definition": "arn:aws:ecs:us-east-1:552940445807:task-definition/app-4-prod-backend:2",
            "timeouts": null,
            "triggers": {},
            "volume_configuration": [],
            "vpc_lattice_configurations": [],
            "wait_for_steady_state": false
          },
          "sensitive_attributes": [],
          "identity_schema_version": 0,
          "identity": {
            "account_id": "552940445807",
            "cluster": "arn:aws:ecs:us-east-1:552940445807:cluster/app-4-prod-cluster",
            "name": "app-4-prod-backend-service",
            "region": "us-east-1"
          },
          "private": "eyJlMmJmYjczMC1lY2FhLTExZTYtOGY4OC0zNDM2M2JjN2M0YzAiOnsiY3JlYXRlIjoxMjAwMDAwMDAwMDAwLCJkZWxldGUiOjEyMDAwMDAwMDAwMDAsInVwZGF0ZSI6MTIwMDAwMDAwMDAwMH0sInNjaGVtYV92ZXJzaW9uIjoiMSJ9",
          "dependencies": [
            "aws_ecs_cluster.dev",
            "aws_ecs_cluster.prod",
            "aws_ecs_cluster.qa",
            "aws_ecs_cluster.uat",
            "aws_ecs_task_definition.backend",
            "aws_iam_role.ecs_execution_role",
            "aws_lb.frontend",
            "aws_lb_listener.frontend",
            "aws_lb_listener_rule.backend_api",
            "aws_lb_target_group.backend",
            "aws_lb_target_group.frontend",
            "aws_security_group.alb",
            "aws_security_group.ecs",
            "aws_service_discovery_http_namespace.app1_dev",
            "aws_service_discovery_http_namespace.app1_prod",
            "aws_service_discovery_http_namespace.app1_qa",
            "aws_service_discovery_http_namespace.app1_uat",
            "data.aws_subnets.main",
            "data.aws_vpc.main"
          ]
        },
        {
          "index_key": "qa",
          "schema_version": 1,
          "attributes": {
            "alarms": [],
            "arn": "arn:aws:ecs:us-east-1:552940445807:service/app-4-qa-cluster/app-4-qa-backend-service",
            "availability_zone_rebalancing": "ENABLED",
            "capacity_provider_strategy": [],
            "cluster": "arn:aws:ecs:us-east-1:552940445807:cluster/app-4-qa-cluster",
            "deployment_circuit_breaker": [
              {
                "enable": false,
                "rollback": false
              }
            ],
            "deployment_configuration": [
              {
                "bake_time_in_minutes": "0",
                "canary_configuration": [],
                "lifecycle_hook": [],
                "linear_configuration": [],
                "strategy": "ROLLING"
              }
            ],
            "deployment_controller": [
              {
                "type": "ECS"
              }
            ],
            "deployment_maximum_percent": 200,
            "deployment_minimum_healthy_percent": 100,
            "desired_count": 1,
            "enable_ecs_managed_tags": false,
            "enable_execute_command": false,
            "force_delete": null,
            "force_new_deployment": null,
            "health_check_grace_period_seconds": 0,
            "iam_role": "/aws-service-role/ecs.amazonaws.com/AWSServiceRoleForECS",
            "id": "arn:aws:ecs:us-east-1:552940445807:service/app-4-qa-cluster/app-4-qa-backend-service",
            "launch_type": "FARGATE",
            "load_balancer": [
              {
                "advanced_configuration": [],
                "container_name": "backend",
                "container_port": 8000,
                "elb_name": "",
                "target_group_arn": "arn:aws:elasticloadbalancing:us-east-1:552940445807:targetgroup/app-4-qa-b-tg/e08875b0be86a9ee"
              }
            ],
            "name": "app-4-qa-backend-service",
            "network_configuration": [
              {
                "assign_public_ip": true,
                "security_groups": [
                  "sg-0a6dbd5b2400543e2"
                ],
                "subnets": [
                  "subnet-0034bda580633f970",
                  "subnet-0642a3fa899c6b146",
                  "subnet-08a15b0fc26f78b95",
                  "subnet-0ab9f1adb21d08d4a",
                  "subnet-0b0af126460583eba",
                  "subnet-0dd5d6a1cc7844d56"
                ]
              }
            ],
            "ordered_placement_strategy": [],
            "placement_constraints": [],
            "platform_version": "LATEST",
            "propagate_tags": "NONE",
            "region": "us-east-1",
            "scheduling_strategy": "REPLICA",
            "service_connect_configuration": [
              {
                "access_log_configuration": [],
                "enabled": true,
                "log_configuration": [],
                "namespace": "arn:aws:servicediscovery:us-east-1:552940445807:namespace/ns-aqi5ojf4y3gj24tm",
                "service": [
                  {
                    "client_alias": [
                      {
                        "dns_name": "app4-backend",
                        "port": 8000,
                        "test_traffic_rules": []
                      }
                    ],
                    "discovery_name": "app4-backend",
                    "ingress_port_override": 0,
                    "port_name": "backend",
                    "timeout": [],
                    "tls": []
                  }
                ]
              }
            ],
            "service_registries": [],
            "sigint_rollback": null,
            "tags": {},
            "tags_all": {},
            "task_definition": "arn:aws:ecs:us-east-1:552940445807:task-definition/app-4-qa-backend:2",
            "timeouts": null,
            "triggers": {},
            "volume_configuration": [],
            "vpc_lattice_configurations": [],
            "wait_for_steady_state": false
          },
          "sensitive_attributes": [],
          "identity_schema_version": 0,
          "identity": {
            "account_id": "552940445807",
            "cluster": "arn:aws:ecs:us-east-1:552940445807:cluster/app-4-qa-cluster",
            "name": "app-4-qa-backend-service",
            "region": "us-east-1"
          },
          "private": "eyJlMmJmYjczMC1lY2FhLTExZTYtOGY4OC0zNDM2M2JjN2M0YzAiOnsiY3JlYXRlIjoxMjAwMDAwMDAwMDAwLCJkZWxldGUiOjEyMDAwMDAwMDAwMDAsInVwZGF0ZSI6MTIwMDAwMDAwMDAwMH0sInNjaGVtYV92ZXJzaW9uIjoiMSJ9",
          "dependencies": [
            "aws_ecs_cluster.dev",
            "aws_ecs_cluster.prod",
            "aws_ecs_cluster.qa",
            "aws_ecs_cluster.uat",
            "aws_ecs_task_definition.backend",
            "aws_iam_role.ecs_execution_role",
            "aws_lb.frontend",
            "aws_lb_listener.frontend",
            "aws_lb_listener_rule.backend_api",
            "aws_lb_target_group.backend",
            "aws_lb_target_group.frontend",
            "aws_security_group.alb",
            "aws_security_group.ecs",
            "aws_service_discovery_http_namespace.app1_dev",
            "aws_service_discovery_http_namespace.app1_prod",
            "aws_service_discovery_http_namespace.app1_qa",
            "aws_service_discovery_http_namespace.app1_uat",
            "data.aws_subnets.main",
            "data.aws_vpc.main"
          ]
        },
        {
          "index_key": "uat",
          "schema_version": 1,
          "attributes": {
            "alarms": [],
            "arn": "arn:aws:ecs:us-east-1:552940445807:service/app-4-uat-cluster/app-4-uat-backend-service",
            "availability_zone_rebalancing": "ENABLED",
            "capacity_provider_strategy": [],
            "cluster": "arn:aws:ecs:us-east-1:552940445807:cluster/app-4-uat-cluster",
            "deployment_circuit_breaker": [
              {
                "enable": false,
                "rollback": false
              }
            ],
            "deployment_configuration": [
              {
                "bake_time_in_minutes": "0",
                "canary_configuration": [],
                "lifecycle_hook": [],
                "linear_configuration": [],
                "strategy": "ROLLING"
              }
            ],
            "deployment_controller": [
              {
                "type": "ECS"
              }
            ],
            "deployment_maximum_percent": 200,
            "deployment_minimum_healthy_percent": 100,
            "desired_count": 1,
            "enable_ecs_managed_tags": false,
            "enable_execute_command": false,
            "force_delete": null,
            "force_new_deployment": null,
            "health_check_grace_period_seconds": 0,
            "iam_role": "/aws-service-role/ecs.amazonaws.com/AWSServiceRoleForECS",
            "id": "arn:aws:ecs:us-east-1:552940445807:service/app-4-uat-cluster/app-4-uat-backend-service",
            "launch_type": "FARGATE",
            "load_balancer": [
              {
                "advanced_configuration": [],
                "container_name": "backend",
                "container_port": 8000,
                "elb_name": "",
                "target_group_arn": "arn:aws:elasticloadbalancing:us-east-1:552940445807:targetgroup/app-4-uat-b-tg/57b52ad8e65d8702"
              }
            ],
            "name": "app-4-uat-backend-service",
            "network_configuration": [
              {
                "assign_public_ip": true,
                "security_groups": [
                  "sg-0a6dbd5b2400543e2"
                ],
                "subnets": [
                  "subnet-0034bda580633f970",
                  "subnet-0642a3fa899c6b146",
                  "subnet-08a15b0fc26f78b95",
                  "subnet-0ab9f1adb21d08d4a",
                  "subnet-0b0af126460583eba",
                  "subnet-0dd5d6a1cc7844d56"
                ]
              }
            ],
            "ordered_placement_strategy": [],
            "placement_constraints": [],
            "platform_version": "LATEST",
            "propagate_tags": "NONE",
            "region": "us-east-1",
            "scheduling_strategy": "REPLICA",
            "service_connect_configuration": [
              {
                "access_log_configuration": [],
                "enabled": true,
                "log_configuration": [],
                "namespace": "arn:aws:servicediscovery:us-east-1:552940445807:namespace/ns-kb44jyo2gcgmvn5g",
                "service": [
                  {
                    "client_alias": [
                      {
                        "dns_name": "app4-backend",
                        "port": 8000,
                        "test_traffic_rules": []
                      }
                    ],
                    "discovery_name": "app4-backend",
                    "ingress_port_override": 0,
                    "port_name": "backend",
                    "timeout": [],
                    "tls": []
                  }
                ]
              }
            ],
            "service_registries": [],
            "sigint_rollback": null,
            "tags": {},
            "tags_all": {},
            "task_definition": "arn:aws:ecs:us-east-1:552940445807:task-definition/app-4-uat-backend:2",
            "timeouts": null,
            "triggers": {},
            "volume_configuration": [],
            "vpc_lattice_configurations": [],
            "wait_for_steady_state": false
          },
          "sensitive_attributes": [],
          "identity_schema_version": 0,
          "identity": {
            "account_id": "552940445807",
            "cluster": "arn:aws:ecs:us-east-1:552940445807:cluster/app-4-uat-cluster",
            "name": "app-4-uat-backend-service",
            "region": "us-east-1"
          },
          "private": "eyJlMmJmYjczMC1lY2FhLTExZTYtOGY4OC0zNDM2M2JjN2M0YzAiOnsiY3JlYXRlIjoxMjAwMDAwMDAwMDAwLCJkZWxldGUiOjEyMDAwMDAwMDAwMDAsInVwZGF0ZSI6MTIwMDAwMDAwMDAwMH0sInNjaGVtYV92ZXJzaW9uIjoiMSJ9",
          "dependencies": [
            "aws_ecs_cluster.dev",
            "aws_ecs_cluster.prod",
            "aws_ecs_cluster.qa",
            "aws_ecs_cluster.uat",
            "aws_ecs_task_definition.backend",
            "aws_iam_role.ecs_execution_role",
            "aws_lb.frontend",
            "aws_lb_listener.frontend",
            "aws_lb_listener_rule.backend_api",
            "aws_lb_target_group.backend",
            "aws_lb_target_group.frontend",
            "aws_security_group.alb",
            "aws_security_group.ecs",
            "aws_service_discovery_http_namespace.app1_dev",
            "aws_service_discovery_http_namespace.app1_prod",
            "aws_service_discovery_http_namespace.app1_qa",
            "aws_service_discovery_http_namespace.app1_uat",
            "data.aws_subnets.main",
            "data.aws_vpc.main"
          ]
        }
      ]
    },
    {
      "mode": "managed",
      "type": "aws_ecs_service",
      "name": "db",
      "provider": "provider[\"registry.terraform.io/hashicorp/aws\"]",
      "instances": [
        {
          "index_key": "dev",
          "schema_version": 1,
          "attributes": {
            "alarms": [],
            "arn": "arn:aws:ecs:us-east-1:552940445807:service/app-4-dev-cluster/app-4-dev-db-service",
            "availability_zone_rebalancing": "ENABLED",
            "capacity_provider_strategy": [],
            "cluster": "arn:aws:ecs:us-east-1:552940445807:cluster/app-4-dev-cluster",
            "deployment_circuit_breaker": [
              {
                "enable": false,
                "rollback": false
              }
            ],
            "deployment_configuration": [
              {
                "bake_time_in_minutes": "0",
                "canary_configuration": [],
                "lifecycle_hook": [],
                "linear_configuration": [],
                "strategy": "ROLLING"
              }
            ],
            "deployment_controller": [
              {
                "type": "ECS"
              }
            ],
            "deployment_maximum_percent": 200,
            "deployment_minimum_healthy_percent": 100,
            "desired_count": 1,
            "enable_ecs_managed_tags": false,
            "enable_execute_command": false,
            "force_delete": null,
            "force_new_deployment": null,
            "health_check_grace_period_seconds": 0,
            "iam_role": "/aws-service-role/ecs.amazonaws.com/AWSServiceRoleForECS",
            "id": "arn:aws:ecs:us-east-1:552940445807:service/app-4-dev-cluster/app-4-dev-db-service",
            "launch_type": "FARGATE",
            "load_balancer": [],
            "name": "app-4-dev-db-service",
            "network_configuration": [
              {
                "assign_public_ip": true,
                "security_groups": [
                  "sg-0a6dbd5b2400543e2"
                ],
                "subnets": [
                  "subnet-0034bda580633f970",
                  "subnet-0642a3fa899c6b146",
                  "subnet-08a15b0fc26f78b95",
                  "subnet-0ab9f1adb21d08d4a",
                  "subnet-0b0af126460583eba",
                  "subnet-0dd5d6a1cc7844d56"
                ]
              }
            ],
            "ordered_placement_strategy": [],
            "placement_constraints": [],
            "platform_version": "LATEST",
            "propagate_tags": "NONE",
            "region": "us-east-1",
            "scheduling_strategy": "REPLICA",
            "service_connect_configuration": [
              {
                "access_log_configuration": [],
                "enabled": true,
                "log_configuration": [],
                "namespace": "arn:aws:servicediscovery:us-east-1:552940445807:namespace/ns-jerrpqcwb7hw2p2l",
                "service": [
                  {
                    "client_alias": [
                      {
                        "dns_name": "app4-db",
                        "port": 5432,
                        "test_traffic_rules": []
                      }
                    ],
                    "discovery_name": "app4-db",
                    "ingress_port_override": 0,
                    "port_name": "mysql",
                    "timeout": [],
                    "tls": []
                  }
                ]
              }
            ],
            "service_registries": [],
            "sigint_rollback": null,
            "tags": {},
            "tags_all": {},
            "task_definition": "arn:aws:ecs:us-east-1:552940445807:task-definition/app-4-dev-db:3",
            "timeouts": null,
            "triggers": {},
            "volume_configuration": [],
            "vpc_lattice_configurations": [],
            "wait_for_steady_state": false
          },
          "sensitive_attributes": [],
          "identity_schema_version": 0,
          "identity": {
            "account_id": "552940445807",
            "cluster": "arn:aws:ecs:us-east-1:552940445807:cluster/app-4-dev-cluster",
            "name": "app-4-dev-db-service",
            "region": "us-east-1"
          },
          "private": "eyJlMmJmYjczMC1lY2FhLTExZTYtOGY4OC0zNDM2M2JjN2M0YzAiOnsiY3JlYXRlIjoxMjAwMDAwMDAwMDAwLCJkZWxldGUiOjEyMDAwMDAwMDAwMDAsInVwZGF0ZSI6MTIwMDAwMDAwMDAwMH0sInNjaGVtYV92ZXJzaW9uIjoiMSJ9",
          "dependencies": [
            "aws_ecs_cluster.dev",
            "aws_ecs_cluster.prod",
            "aws_ecs_cluster.qa",
            "aws_ecs_cluster.uat",
            "aws_ecs_task_definition.db",
            "aws_iam_role.ecs_execution_role",
            "aws_security_group.alb",
            "aws_security_group.ecs",
            "aws_service_discovery_http_namespace.app1_dev",
            "aws_service_discovery_http_namespace.app1_prod",
            "aws_service_discovery_http_namespace.app1_qa",
            "aws_service_discovery_http_namespace.app1_uat",
            "data.aws_subnets.main",
            "data.aws_vpc.main"
          ]
        },
        {
          "index_key": "prod",
          "schema_version": 1,
          "attributes": {
            "alarms": [],
            "arn": "arn:aws:ecs:us-east-1:552940445807:service/app-4-prod-cluster/app-4-prod-db-service",
            "availability_zone_rebalancing": "ENABLED",
            "capacity_provider_strategy": [],
            "cluster": "arn:aws:ecs:us-east-1:552940445807:cluster/app-4-prod-cluster",
            "deployment_circuit_breaker": [
              {
                "enable": false,
                "rollback": false
              }
            ],
            "deployment_configuration": [
              {
                "bake_time_in_minutes": "0",
                "canary_configuration": [],
                "lifecycle_hook": [],
                "linear_configuration": [],
                "strategy": "ROLLING"
              }
            ],
            "deployment_controller": [
              {
                "type": "ECS"
              }
            ],
            "deployment_maximum_percent": 200,
            "deployment_minimum_healthy_percent": 100,
            "desired_count": 1,
            "enable_ecs_managed_tags": false,
            "enable_execute_command": false,
            "force_delete": null,
            "force_new_deployment": null,
            "health_check_grace_period_seconds": 0,
            "iam_role": "/aws-service-role/ecs.amazonaws.com/AWSServiceRoleForECS",
            "id": "arn:aws:ecs:us-east-1:552940445807:service/app-4-prod-cluster/app-4-prod-db-service",
            "launch_type": "FARGATE",
            "load_balancer": [],
            "name": "app-4-prod-db-service",
            "network_configuration": [
              {
                "assign_public_ip": true,
                "security_groups": [
                  "sg-0a6dbd5b2400543e2"
                ],
                "subnets": [
                  "subnet-0034bda580633f970",
                  "subnet-0642a3fa899c6b146",
                  "subnet-08a15b0fc26f78b95",
                  "subnet-0ab9f1adb21d08d4a",
                  "subnet-0b0af126460583eba",
                  "subnet-0dd5d6a1cc7844d56"
                ]
              }
            ],
            "ordered_placement_strategy": [],
            "placement_constraints": [],
            "platform_version": "LATEST",
            "propagate_tags": "NONE",
            "region": "us-east-1",
            "scheduling_strategy": "REPLICA",
            "service_connect_configuration": [
              {
                "access_log_configuration": [],
                "enabled": true,
                "log_configuration": [],
                "namespace": "arn:aws:servicediscovery:us-east-1:552940445807:namespace/ns-gtclfg3l33c65fsr",
                "service": [
                  {
                    "client_alias": [
                      {
                        "dns_name": "app4-db",
                        "port": 5432,
                        "test_traffic_rules": []
                      }
                    ],
                    "discovery_name": "app4-db",
                    "ingress_port_override": 0,
                    "port_name": "mysql",
                    "timeout": [],
                    "tls": []
                  }
                ]
              }
            ],
            "service_registries": [],
            "sigint_rollback": null,
            "tags": {},
            "tags_all": {},
            "task_definition": "arn:aws:ecs:us-east-1:552940445807:task-definition/app-4-prod-db:2",
            "timeouts": null,
            "triggers": {},
            "volume_configuration": [],
            "vpc_lattice_configurations": [],
            "wait_for_steady_state": false
          },
          "sensitive_attributes": [],
          "identity_schema_version": 0,
          "identity": {
            "account_id": "552940445807",
            "cluster": "arn:aws:ecs:us-east-1:552940445807:cluster/app-4-prod-cluster",
            "name": "app-4-prod-db-service",
            "region": "us-east-1"
          },
          "private": "eyJlMmJmYjczMC1lY2FhLTExZTYtOGY4OC0zNDM2M2JjN2M0YzAiOnsiY3JlYXRlIjoxMjAwMDAwMDAwMDAwLCJkZWxldGUiOjEyMDAwMDAwMDAwMDAsInVwZGF0ZSI6MTIwMDAwMDAwMDAwMH0sInNjaGVtYV92ZXJzaW9uIjoiMSJ9",
          "dependencies": [
            "aws_ecs_cluster.dev",
            "aws_ecs_cluster.prod",
            "aws_ecs_cluster.qa",
            "aws_ecs_cluster.uat",
            "aws_ecs_task_definition.db",
            "aws_iam_role.ecs_execution_role",
            "aws_security_group.alb",
            "aws_security_group.ecs",
            "aws_service_discovery_http_namespace.app1_dev",
            "aws_service_discovery_http_namespace.app1_prod",
            "aws_service_discovery_http_namespace.app1_qa",
            "aws_service_discovery_http_namespace.app1_uat",
            "data.aws_subnets.main",
            "data.aws_vpc.main"
          ]
        },
        {
          "index_key": "qa",
          "schema_version": 1,
          "attributes": {
            "alarms": [],
            "arn": "arn:aws:ecs:us-east-1:552940445807:service/app-4-qa-cluster/app-4-qa-db-service",
            "availability_zone_rebalancing": "ENABLED",
            "capacity_provider_strategy": [],
            "cluster": "arn:aws:ecs:us-east-1:552940445807:cluster/app-4-qa-cluster",
            "deployment_circuit_breaker": [
              {
                "enable": false,
                "rollback": false
              }
            ],
            "deployment_configuration": [
              {
                "bake_time_in_minutes": "0",
                "canary_configuration": [],
                "lifecycle_hook": [],
                "linear_configuration": [],
                "strategy": "ROLLING"
              }
            ],
            "deployment_controller": [
              {
                "type": "ECS"
              }
            ],
            "deployment_maximum_percent": 200,
            "deployment_minimum_healthy_percent": 100,
            "desired_count": 1,
            "enable_ecs_managed_tags": false,
            "enable_execute_command": false,
            "force_delete": null,
            "force_new_deployment": null,
            "health_check_grace_period_seconds": 0,
            "iam_role": "/aws-service-role/ecs.amazonaws.com/AWSServiceRoleForECS",
            "id": "arn:aws:ecs:us-east-1:552940445807:service/app-4-qa-cluster/app-4-qa-db-service",
            "launch_type": "FARGATE",
            "load_balancer": [],
            "name": "app-4-qa-db-service",
            "network_configuration": [
              {
                "assign_public_ip": true,
                "security_groups": [
                  "sg-0a6dbd5b2400543e2"
                ],
                "subnets": [
                  "subnet-0034bda580633f970",
                  "subnet-0642a3fa899c6b146",
                  "subnet-08a15b0fc26f78b95",
                  "subnet-0ab9f1adb21d08d4a",
                  "subnet-0b0af126460583eba",
                  "subnet-0dd5d6a1cc7844d56"
                ]
              }
            ],
            "ordered_placement_strategy": [],
            "placement_constraints": [],
            "platform_version": "LATEST",
            "propagate_tags": "NONE",
            "region": "us-east-1",
            "scheduling_strategy": "REPLICA",
            "service_connect_configuration": [
              {
                "access_log_configuration": [],
                "enabled": true,
                "log_configuration": [],
                "namespace": "arn:aws:servicediscovery:us-east-1:552940445807:namespace/ns-aqi5ojf4y3gj24tm",
                "service": [
                  {
                    "client_alias": [
                      {
                        "dns_name": "app4-db",
                        "port": 5432,
                        "test_traffic_rules": []
                      }
                    ],
                    "discovery_name": "app4-db",
                    "ingress_port_override": 0,
                    "port_name": "mysql",
                    "timeout": [],
                    "tls": []
                  }
                ]
              }
            ],
            "service_registries": [],
            "sigint_rollback": null,
            "tags": {},
            "tags_all": {},
            "task_definition": "arn:aws:ecs:us-east-1:552940445807:task-definition/app-4-qa-db:2",
            "timeouts": null,
            "triggers": {},
            "volume_configuration": [],
            "vpc_lattice_configurations": [],
            "wait_for_steady_state": false
          },
          "sensitive_attributes": [],
          "identity_schema_version": 0,
          "identity": {
            "account_id": "552940445807",
            "cluster": "arn:aws:ecs:us-east-1:552940445807:cluster/app-4-qa-cluster",
            "name": "app-4-qa-db-service",
            "region": "us-east-1"
          },
          "private": "eyJlMmJmYjczMC1lY2FhLTExZTYtOGY4OC0zNDM2M2JjN2M0YzAiOnsiY3JlYXRlIjoxMjAwMDAwMDAwMDAwLCJkZWxldGUiOjEyMDAwMDAwMDAwMDAsInVwZGF0ZSI6MTIwMDAwMDAwMDAwMH0sInNjaGVtYV92ZXJzaW9uIjoiMSJ9",
          "dependencies": [
            "aws_ecs_cluster.dev",
            "aws_ecs_cluster.prod",
            "aws_ecs_cluster.qa",
            "aws_ecs_cluster.uat",
            "aws_ecs_task_definition.db",
            "aws_iam_role.ecs_execution_role",
            "aws_security_group.alb",
            "aws_security_group.ecs",
            "aws_service_discovery_http_namespace.app1_dev",
            "aws_service_discovery_http_namespace.app1_prod",
            "aws_service_discovery_http_namespace.app1_qa",
            "aws_service_discovery_http_namespace.app1_uat",
            "data.aws_subnets.main",
            "data.aws_vpc.main"
          ]
        },
        {
          "index_key": "uat",
          "schema_version": 1,
          "attributes": {
            "alarms": [],
            "arn": "arn:aws:ecs:us-east-1:552940445807:service/app-4-uat-cluster/app-4-uat-db-service",
            "availability_zone_rebalancing": "ENABLED",
            "capacity_provider_strategy": [],
            "cluster": "arn:aws:ecs:us-east-1:552940445807:cluster/app-4-uat-cluster",
            "deployment_circuit_breaker": [
              {
                "enable": false,
                "rollback": false
              }
            ],
            "deployment_configuration": [
              {
                "bake_time_in_minutes": "0",
                "canary_configuration": [],
                "lifecycle_hook": [],
                "linear_configuration": [],
                "strategy": "ROLLING"
              }
            ],
            "deployment_controller": [
              {
                "type": "ECS"
              }
            ],
            "deployment_maximum_percent": 200,
            "deployment_minimum_healthy_percent": 100,
            "desired_count": 1,
            "enable_ecs_managed_tags": false,
            "enable_execute_command": false,
            "force_delete": null,
            "force_new_deployment": null,
            "health_check_grace_period_seconds": 0,
            "iam_role": "/aws-service-role/ecs.amazonaws.com/AWSServiceRoleForECS",
            "id": "arn:aws:ecs:us-east-1:552940445807:service/app-4-uat-cluster/app-4-uat-db-service",
            "launch_type": "FARGATE",
            "load_balancer": [],
            "name": "app-4-uat-db-service",
            "network_configuration": [
              {
                "assign_public_ip": true,
                "security_groups": [
                  "sg-0a6dbd5b2400543e2"
                ],
                "subnets": [
                  "subnet-0034bda580633f970",
                  "subnet-0642a3fa899c6b146",
                  "subnet-08a15b0fc26f78b95",
                  "subnet-0ab9f1adb21d08d4a",
                  "subnet-0b0af126460583eba",
                  "subnet-0dd5d6a1cc7844d56"
                ]
              }
            ],
            "ordered_placement_strategy": [],
            "placement_constraints": [],
            "platform_version": "LATEST",
            "propagate_tags": "NONE",
            "region": "us-east-1",
            "scheduling_strategy": "REPLICA",
            "service_connect_configuration": [
              {
                "access_log_configuration": [],
                "enabled": true,
                "log_configuration": [],
                "namespace": "arn:aws:servicediscovery:us-east-1:552940445807:namespace/ns-kb44jyo2gcgmvn5g",
                "service": [
                  {
                    "client_alias": [
                      {
                        "dns_name": "app4-db",
                        "port": 5432,
                        "test_traffic_rules": []
                      }
                    ],
                    "discovery_name": "app4-db",
                    "ingress_port_override": 0,
                    "port_name": "mysql",
                    "timeout": [],
                    "tls": []
                  }
                ]
              }
            ],
            "service_registries": [],
            "sigint_rollback": null,
            "tags": {},
            "tags_all": {},
            "task_definition": "arn:aws:ecs:us-east-1:552940445807:task-definition/app-4-uat-db:2",
            "timeouts": null,
            "triggers": {},
            "volume_configuration": [],
            "vpc_lattice_configurations": [],
            "wait_for_steady_state": false
          },
          "sensitive_attributes": [],
          "identity_schema_version": 0,
          "identity": {
            "account_id": "552940445807",
            "cluster": "arn:aws:ecs:us-east-1:552940445807:cluster/app-4-uat-cluster",
            "name": "app-4-uat-db-service",
            "region": "us-east-1"
          },
          "private": "eyJlMmJmYjczMC1lY2FhLTExZTYtOGY4OC0zNDM2M2JjN2M0YzAiOnsiY3JlYXRlIjoxMjAwMDAwMDAwMDAwLCJkZWxldGUiOjEyMDAwMDAwMDAwMDAsInVwZGF0ZSI6MTIwMDAwMDAwMDAwMH0sInNjaGVtYV92ZXJzaW9uIjoiMSJ9",
          "dependencies": [
            "aws_ecs_cluster.dev",
            "aws_ecs_cluster.prod",
            "aws_ecs_cluster.qa",
            "aws_ecs_cluster.uat",
            "aws_ecs_task_definition.db",
            "aws_iam_role.ecs_execution_role",
            "aws_security_group.alb",
            "aws_security_group.ecs",
            "aws_service_discovery_http_namespace.app1_dev",
            "aws_service_discovery_http_namespace.app1_prod",
            "aws_service_discovery_http_namespace.app1_qa",
            "aws_service_discovery_http_namespace.app1_uat",
            "data.aws_subnets.main",
            "data.aws_vpc.main"
          ]
        }
      ]
    },
    {
      "mode": "managed",
      "type": "aws_ecs_service",
      "name": "frontend",
      "provider": "provider[\"registry.terraform.io/hashicorp/aws\"]",
      "instances": [
        {
          "index_key": "dev",
          "schema_version": 1,
          "attributes": {
            "alarms": [],
            "arn": "arn:aws:ecs:us-east-1:552940445807:service/app-4-dev-cluster/app-4-dev-frontend-service",
            "availability_zone_rebalancing": "ENABLED",
            "capacity_provider_strategy": [],
            "cluster": "arn:aws:ecs:us-east-1:552940445807:cluster/app-4-dev-cluster",
            "deployment_circuit_breaker": [
              {
                "enable": false,
                "rollback": false
              }
            ],
            "deployment_configuration": [
              {
                "bake_time_in_minutes": "0",
                "canary_configuration": [],
                "lifecycle_hook": [],
                "linear_configuration": [],
                "strategy": "ROLLING"
              }
            ],
            "deployment_controller": [
              {
                "type": "ECS"
              }
            ],
            "deployment_maximum_percent": 200,
            "deployment_minimum_healthy_percent": 100,
            "desired_count": 1,
            "enable_ecs_managed_tags": false,
            "enable_execute_command": false,
            "force_delete": null,
            "force_new_deployment": null,
            "health_check_grace_period_seconds": 0,
            "iam_role": "/aws-service-role/ecs.amazonaws.com/AWSServiceRoleForECS",
            "id": "arn:aws:ecs:us-east-1:552940445807:service/app-4-dev-cluster/app-4-dev-frontend-service",
            "launch_type": "FARGATE",
            "load_balancer": [
              {
                "advanced_configuration": [],
                "container_name": "frontend",
                "container_port": 80,
                "elb_name": "",
                "target_group_arn": "arn:aws:elasticloadbalancing:us-east-1:552940445807:targetgroup/app-4-dev-f-tg/9300ae2ee142aae7"
              }
            ],
            "name": "app-4-dev-frontend-service",
            "network_configuration": [
              {
                "assign_public_ip": true,
                "security_groups": [
                  "sg-0a6dbd5b2400543e2"
                ],
                "subnets": [
                  "subnet-0034bda580633f970",
                  "subnet-0642a3fa899c6b146",
                  "subnet-08a15b0fc26f78b95",
                  "subnet-0ab9f1adb21d08d4a",
                  "subnet-0b0af126460583eba",
                  "subnet-0dd5d6a1cc7844d56"
                ]
              }
            ],
            "ordered_placement_strategy": [],
            "placement_constraints": [],
            "platform_version": "LATEST",
            "propagate_tags": "NONE",
            "region": "us-east-1",
            "scheduling_strategy": "REPLICA",
            "service_connect_configuration": [
              {
                "access_log_configuration": [],
                "enabled": true,
                "log_configuration": [],
                "namespace": "arn:aws:servicediscovery:us-east-1:552940445807:namespace/ns-jerrpqcwb7hw2p2l",
                "service": []
              }
            ],
            "service_registries": [],
            "sigint_rollback": null,
            "tags": {},
            "tags_all": {},
            "task_definition": "arn:aws:ecs:us-east-1:552940445807:task-definition/app-4-dev-frontend:2",
            "timeouts": null,
            "triggers": {},
            "volume_configuration": [],
            "vpc_lattice_configurations": [],
            "wait_for_steady_state": false
          },
          "sensitive_attributes": [],
          "identity_schema_version": 0,
          "identity": {
            "account_id": "552940445807",
            "cluster": "arn:aws:ecs:us-east-1:552940445807:cluster/app-4-dev-cluster",
            "name": "app-4-dev-frontend-service",
            "region": "us-east-1"
          },
          "private": "eyJlMmJmYjczMC1lY2FhLTExZTYtOGY4OC0zNDM2M2JjN2M0YzAiOnsiY3JlYXRlIjoxMjAwMDAwMDAwMDAwLCJkZWxldGUiOjEyMDAwMDAwMDAwMDAsInVwZGF0ZSI6MTIwMDAwMDAwMDAwMH0sInNjaGVtYV92ZXJzaW9uIjoiMSJ9",
          "dependencies": [
            "aws_ecs_cluster.dev",
            "aws_ecs_cluster.prod",
            "aws_ecs_cluster.qa",
            "aws_ecs_cluster.uat",
            "aws_ecs_task_definition.frontend",
            "aws_iam_role.ecs_execution_role",
            "aws_lb.frontend",
            "aws_lb_listener.frontend",
            "aws_lb_target_group.frontend",
            "aws_security_group.alb",
            "aws_security_group.ecs",
            "aws_service_discovery_http_namespace.app1_dev",
            "aws_service_discovery_http_namespace.app1_prod",
            "aws_service_discovery_http_namespace.app1_qa",
            "aws_service_discovery_http_namespace.app1_uat",
            "data.aws_subnets.main",
            "data.aws_vpc.main"
          ]
        },
        {
          "index_key": "prod",
          "schema_version": 1,
          "attributes": {
            "alarms": [],
            "arn": "arn:aws:ecs:us-east-1:552940445807:service/app-4-prod-cluster/app-4-prod-frontend-service",
            "availability_zone_rebalancing": "ENABLED",
            "capacity_provider_strategy": [],
            "cluster": "arn:aws:ecs:us-east-1:552940445807:cluster/app-4-prod-cluster",
            "deployment_circuit_breaker": [
              {
                "enable": false,
                "rollback": false
              }
            ],
            "deployment_configuration": [
              {
                "bake_time_in_minutes": "0",
                "canary_configuration": [],
                "lifecycle_hook": [],
                "linear_configuration": [],
                "strategy": "ROLLING"
              }
            ],
            "deployment_controller": [
              {
                "type": "ECS"
              }
            ],
            "deployment_maximum_percent": 200,
            "deployment_minimum_healthy_percent": 100,
            "desired_count": 1,
            "enable_ecs_managed_tags": false,
            "enable_execute_command": false,
            "force_delete": null,
            "force_new_deployment": null,
            "health_check_grace_period_seconds": 0,
            "iam_role": "/aws-service-role/ecs.amazonaws.com/AWSServiceRoleForECS",
            "id": "arn:aws:ecs:us-east-1:552940445807:service/app-4-prod-cluster/app-4-prod-frontend-service",
            "launch_type": "FARGATE",
            "load_balancer": [
              {
                "advanced_configuration": [],
                "container_name": "frontend",
                "container_port": 80,
                "elb_name": "",
                "target_group_arn": "arn:aws:elasticloadbalancing:us-east-1:552940445807:targetgroup/app-4-prod-f-tg/5969eb1459cd123e"
              }
            ],
            "name": "app-4-prod-frontend-service",
            "network_configuration": [
              {
                "assign_public_ip": true,
                "security_groups": [
                  "sg-0a6dbd5b2400543e2"
                ],
                "subnets": [
                  "subnet-0034bda580633f970",
                  "subnet-0642a3fa899c6b146",
                  "subnet-08a15b0fc26f78b95",
                  "subnet-0ab9f1adb21d08d4a",
                  "subnet-0b0af126460583eba",
                  "subnet-0dd5d6a1cc7844d56"
                ]
              }
            ],
            "ordered_placement_strategy": [],
            "placement_constraints": [],
            "platform_version": "LATEST",
            "propagate_tags": "NONE",
            "region": "us-east-1",
            "scheduling_strategy": "REPLICA",
            "service_connect_configuration": [
              {
                "access_log_configuration": [],
                "enabled": true,
                "log_configuration": [],
                "namespace": "arn:aws:servicediscovery:us-east-1:552940445807:namespace/ns-gtclfg3l33c65fsr",
                "service": []
              }
            ],
            "service_registries": [],
            "sigint_rollback": null,
            "tags": {},
            "tags_all": {},
            "task_definition": "arn:aws:ecs:us-east-1:552940445807:task-definition/app-4-prod-frontend:2",
            "timeouts": null,
            "triggers": {},
            "volume_configuration": [],
            "vpc_lattice_configurations": [],
            "wait_for_steady_state": false
          },
          "sensitive_attributes": [],
          "identity_schema_version": 0,
          "identity": {
            "account_id": "552940445807",
            "cluster": "arn:aws:ecs:us-east-1:552940445807:cluster/app-4-prod-cluster",
            "name": "app-4-prod-frontend-service",
            "region": "us-east-1"
          },
          "private": "eyJlMmJmYjczMC1lY2FhLTExZTYtOGY4OC0zNDM2M2JjN2M0YzAiOnsiY3JlYXRlIjoxMjAwMDAwMDAwMDAwLCJkZWxldGUiOjEyMDAwMDAwMDAwMDAsInVwZGF0ZSI6MTIwMDAwMDAwMDAwMH0sInNjaGVtYV92ZXJzaW9uIjoiMSJ9",
          "dependencies": [
            "aws_ecs_cluster.dev",
            "aws_ecs_cluster.prod",
            "aws_ecs_cluster.qa",
            "aws_ecs_cluster.uat",
            "aws_ecs_task_definition.frontend",
            "aws_iam_role.ecs_execution_role",
            "aws_lb.frontend",
            "aws_lb_listener.frontend",
            "aws_lb_target_group.frontend",
            "aws_security_group.alb",
            "aws_security_group.ecs",
            "aws_service_discovery_http_namespace.app1_dev",
            "aws_service_discovery_http_namespace.app1_prod",
            "aws_service_discovery_http_namespace.app1_qa",
            "aws_service_discovery_http_namespace.app1_uat",
            "data.aws_subnets.main",
            "data.aws_vpc.main"
          ]
        },
        {
          "index_key": "qa",
          "schema_version": 1,
          "attributes": {
            "alarms": [],
            "arn": "arn:aws:ecs:us-east-1:552940445807:service/app-4-qa-cluster/app-4-qa-frontend-service",
            "availability_zone_rebalancing": "ENABLED",
            "capacity_provider_strategy": [],
            "cluster": "arn:aws:ecs:us-east-1:552940445807:cluster/app-4-qa-cluster",
            "deployment_circuit_breaker": [
              {
                "enable": false,
                "rollback": false
              }
            ],
            "deployment_configuration": [
              {
                "bake_time_in_minutes": "0",
                "canary_configuration": [],
                "lifecycle_hook": [],
                "linear_configuration": [],
                "strategy": "ROLLING"
              }
            ],
            "deployment_controller": [
              {
                "type": "ECS"
              }
            ],
            "deployment_maximum_percent": 200,
            "deployment_minimum_healthy_percent": 100,
            "desired_count": 1,
            "enable_ecs_managed_tags": false,
            "enable_execute_command": false,
            "force_delete": null,
            "force_new_deployment": null,
            "health_check_grace_period_seconds": 0,
            "iam_role": "/aws-service-role/ecs.amazonaws.com/AWSServiceRoleForECS",
            "id": "arn:aws:ecs:us-east-1:552940445807:service/app-4-qa-cluster/app-4-qa-frontend-service",
            "launch_type": "FARGATE",
            "load_balancer": [
              {
                "advanced_configuration": [],
                "container_name": "frontend",
                "container_port": 80,
                "elb_name": "",
                "target_group_arn": "arn:aws:elasticloadbalancing:us-east-1:552940445807:targetgroup/app-4-qa-f-tg/b49faedd8cc38ada"
              }
            ],
            "name": "app-4-qa-frontend-service",
            "network_configuration": [
              {
                "assign_public_ip": true,
                "security_groups": [
                  "sg-0a6dbd5b2400543e2"
                ],
                "subnets": [
                  "subnet-0034bda580633f970",
                  "subnet-0642a3fa899c6b146",
                  "subnet-08a15b0fc26f78b95",
                  "subnet-0ab9f1adb21d08d4a",
                  "subnet-0b0af126460583eba",
                  "subnet-0dd5d6a1cc7844d56"
                ]
              }
            ],
            "ordered_placement_strategy": [],
            "placement_constraints": [],
            "platform_version": "LATEST",
            "propagate_tags": "NONE",
            "region": "us-east-1",
            "scheduling_strategy": "REPLICA",
            "service_connect_configuration": [
              {
                "access_log_configuration": [],
                "enabled": true,
                "log_configuration": [],
                "namespace": "arn:aws:servicediscovery:us-east-1:552940445807:namespace/ns-aqi5ojf4y3gj24tm",
                "service": []
              }
            ],
            "service_registries": [],
            "sigint_rollback": null,
            "tags": {},
            "tags_all": {},
            "task_definition": "arn:aws:ecs:us-east-1:552940445807:task-definition/app-4-qa-frontend:2",
            "timeouts": null,
            "triggers": {},
            "volume_configuration": [],
            "vpc_lattice_configurations": [],
            "wait_for_steady_state": false
          },
          "sensitive_attributes": [],
          "identity_schema_version": 0,
          "identity": {
            "account_id": "552940445807",
            "cluster": "arn:aws:ecs:us-east-1:552940445807:cluster/app-4-qa-cluster",
            "name": "app-4-qa-frontend-service",
            "region": "us-east-1"
          },
          "private": "eyJlMmJmYjczMC1lY2FhLTExZTYtOGY4OC0zNDM2M2JjN2M0YzAiOnsiY3JlYXRlIjoxMjAwMDAwMDAwMDAwLCJkZWxldGUiOjEyMDAwMDAwMDAwMDAsInVwZGF0ZSI6MTIwMDAwMDAwMDAwMH0sInNjaGVtYV92ZXJzaW9uIjoiMSJ9",
          "dependencies": [
            "aws_ecs_cluster.dev",
            "aws_ecs_cluster.prod",
            "aws_ecs_cluster.qa",
            "aws_ecs_cluster.uat",
            "aws_ecs_task_definition.frontend",
            "aws_iam_role.ecs_execution_role",
            "aws_lb.frontend",
            "aws_lb_listener.frontend",
            "aws_lb_target_group.frontend",
            "aws_security_group.alb",
            "aws_security_group.ecs",
            "aws_service_discovery_http_namespace.app1_dev",
            "aws_service_discovery_http_namespace.app1_prod",
            "aws_service_discovery_http_namespace.app1_qa",
            "aws_service_discovery_http_namespace.app1_uat",
            "data.aws_subnets.main",
            "data.aws_vpc.main"
          ]
        },
        {
          "index_key": "uat",
          "schema_version": 1,
          "attributes": {
            "alarms": [],
            "arn": "arn:aws:ecs:us-east-1:552940445807:service/app-4-uat-cluster/app-4-uat-frontend-service",
            "availability_zone_rebalancing": "ENABLED",
            "capacity_provider_strategy": [],
            "cluster": "arn:aws:ecs:us-east-1:552940445807:cluster/app-4-uat-cluster",
            "deployment_circuit_breaker": [
              {
                "enable": false,
                "rollback": false
              }
            ],
            "deployment_configuration": [
              {
                "bake_time_in_minutes": "0",
                "canary_configuration": [],
                "lifecycle_hook": [],
                "linear_configuration": [],
                "strategy": "ROLLING"
              }
            ],
            "deployment_controller": [
              {
                "type": "ECS"
              }
            ],
            "deployment_maximum_percent": 200,
            "deployment_minimum_healthy_percent": 100,
            "desired_count": 1,
            "enable_ecs_managed_tags": false,
            "enable_execute_command": false,
            "force_delete": null,
            "force_new_deployment": null,
            "health_check_grace_period_seconds": 0,
            "iam_role": "/aws-service-role/ecs.amazonaws.com/AWSServiceRoleForECS",
            "id": "arn:aws:ecs:us-east-1:552940445807:service/app-4-uat-cluster/app-4-uat-frontend-service",
            "launch_type": "FARGATE",
            "load_balancer": [
              {
                "advanced_configuration": [],
                "container_name": "frontend",
                "container_port": 80,
                "elb_name": "",
                "target_group_arn": "arn:aws:elasticloadbalancing:us-east-1:552940445807:targetgroup/app-4-uat-f-tg/0517800daf4e6a4a"
              }
            ],
            "name": "app-4-uat-frontend-service",
            "network_configuration": [
              {
                "assign_public_ip": true,
                "security_groups": [
                  "sg-0a6dbd5b2400543e2"
                ],
                "subnets": [
                  "subnet-0034bda580633f970",
                  "subnet-0642a3fa899c6b146",
                  "subnet-08a15b0fc26f78b95",
                  "subnet-0ab9f1adb21d08d4a",
                  "subnet-0b0af126460583eba",
                  "subnet-0dd5d6a1cc7844d56"
                ]
              }
            ],
            "ordered_placement_strategy": [],
            "placement_constraints": [],
            "platform_version": "LATEST",
            "propagate_tags": "NONE",
            "region": "us-east-1",
            "scheduling_strategy": "REPLICA",
            "service_connect_configuration": [
              {
                "access_log_configuration": [],
                "enabled": true,
                "log_configuration": [],
                "namespace": "arn:aws:servicediscovery:us-east-1:552940445807:namespace/ns-kb44jyo2gcgmvn5g",
                "service": []
              }
            ],
            "service_registries": [],
            "sigint_rollback": null,
            "tags": {},
            "tags_all": {},
            "task_definition": "arn:aws:ecs:us-east-1:552940445807:task-definition/app-4-uat-frontend:2",
            "timeouts": null,
            "triggers": {},
            "volume_configuration": [],
            "vpc_lattice_configurations": [],
            "wait_for_steady_state": false
          },
          "sensitive_attributes": [],
          "identity_schema_version": 0,
          "identity": {
            "account_id": "552940445807",
            "cluster": "arn:aws:ecs:us-east-1:552940445807:cluster/app-4-uat-cluster",
            "name": "app-4-uat-frontend-service",
            "region": "us-east-1"
          },
          "private": "eyJlMmJmYjczMC1lY2FhLTExZTYtOGY4OC0zNDM2M2JjN2M0YzAiOnsiY3JlYXRlIjoxMjAwMDAwMDAwMDAwLCJkZWxldGUiOjEyMDAwMDAwMDAwMDAsInVwZGF0ZSI6MTIwMDAwMDAwMDAwMH0sInNjaGVtYV92ZXJzaW9uIjoiMSJ9",
          "dependencies": [
            "aws_ecs_cluster.dev",
            "aws_ecs_cluster.prod",
            "aws_ecs_cluster.qa",
            "aws_ecs_cluster.uat",
            "aws_ecs_task_definition.frontend",
            "aws_iam_role.ecs_execution_role",
            "aws_lb.frontend",
            "aws_lb_listener.frontend",
            "aws_lb_target_group.frontend",
            "aws_security_group.alb",
            "aws_security_group.ecs",
            "aws_service_discovery_http_namespace.app1_dev",
            "aws_service_discovery_http_namespace.app1_prod",
            "aws_service_discovery_http_namespace.app1_qa",
            "aws_service_discovery_http_namespace.app1_uat",
            "data.aws_subnets.main",
            "data.aws_vpc.main"
          ]
        }
      ]
    },
    {
      "mode": "managed",
      "type": "aws_ecs_task_definition",
      "name": "backend",
      "provider": "provider[\"registry.terraform.io/hashicorp/aws\"]",
      "instances": [
        {
          "index_key": "dev",
          "schema_version": 1,
          "attributes": {
            "arn": "arn:aws:ecs:us-east-1:552940445807:task-definition/app-4-dev-backend:2",
            "arn_without_revision": "arn:aws:ecs:us-east-1:552940445807:task-definition/app-4-dev-backend",
            "container_definitions": "[{\"environment\":[],\"essential\":true,\"image\":\"python:3.10-alpine\",\"mountPoints\":[],\"name\":\"backend\",\"portMappings\":[{\"containerPort\":8000,\"hostPort\":8000,\"name\":\"backend\",\"protocol\":\"tcp\"}],\"systemControls\":[],\"volumesFrom\":[]}]",
            "cpu": "256",
            "enable_fault_injection": false,
            "ephemeral_storage": [],
            "execution_role_arn": "arn:aws:iam::552940445807:role/app-4-ecs-execution-role",
            "family": "app-4-dev-backend",
            "id": "app-4-dev-backend",
            "ipc_mode": "",
            "memory": "512",
            "network_mode": "awsvpc",
            "pid_mode": "",
            "placement_constraints": [],
            "proxy_configuration": [],
            "region": "us-east-1",
            "requires_compatibilities": [
              "FARGATE"
            ],
            "revision": 2,
            "runtime_platform": [],
            "skip_destroy": false,
            "tags": {},
            "tags_all": {},
            "task_role_arn": "",
            "track_latest": false,
            "volume": []
          },
          "sensitive_attributes": [],
          "identity_schema_version": 0,
          "identity": {
            "account_id": "552940445807",
            "family": "app-4-dev-backend",
            "region": "us-east-1",
            "revision": 2
          },
          "private": "eyJzY2hlbWFfdmVyc2lvbiI6IjEifQ==",
          "dependencies": [
            "aws_ecs_cluster.dev",
            "aws_ecs_cluster.prod",
            "aws_ecs_cluster.qa",
            "aws_ecs_cluster.uat",
            "aws_iam_role.ecs_execution_role"
          ]
        },
        {
          "index_key": "prod",
          "schema_version": 1,
          "attributes": {
            "arn": "arn:aws:ecs:us-east-1:552940445807:task-definition/app-4-prod-backend:2",
            "arn_without_revision": "arn:aws:ecs:us-east-1:552940445807:task-definition/app-4-prod-backend",
            "container_definitions": "[{\"environment\":[],\"essential\":true,\"image\":\"python:3.10-alpine\",\"mountPoints\":[],\"name\":\"backend\",\"portMappings\":[{\"containerPort\":8000,\"hostPort\":8000,\"name\":\"backend\",\"protocol\":\"tcp\"}],\"systemControls\":[],\"volumesFrom\":[]}]",
            "cpu": "256",
            "enable_fault_injection": false,
            "ephemeral_storage": [],
            "execution_role_arn": "arn:aws:iam::552940445807:role/app-4-ecs-execution-role",
            "family": "app-4-prod-backend",
            "id": "app-4-prod-backend",
            "ipc_mode": "",
            "memory": "512",
            "network_mode": "awsvpc",
            "pid_mode": "",
            "placement_constraints": [],
            "proxy_configuration": [],
            "region": "us-east-1",
            "requires_compatibilities": [
              "FARGATE"
            ],
            "revision": 2,
            "runtime_platform": [],
            "skip_destroy": false,
            "tags": {},
            "tags_all": {},
            "task_role_arn": "",
            "track_latest": false,
            "volume": []
          },
          "sensitive_attributes": [],
          "identity_schema_version": 0,
          "identity": {
            "account_id": "552940445807",
            "family": "app-4-prod-backend",
            "region": "us-east-1",
            "revision": 2
          },
          "private": "eyJzY2hlbWFfdmVyc2lvbiI6IjEifQ==",
          "dependencies": [
            "aws_ecs_cluster.dev",
            "aws_ecs_cluster.prod",
            "aws_ecs_cluster.qa",
            "aws_ecs_cluster.uat",
            "aws_iam_role.ecs_execution_role"
          ]
        },
        {
          "index_key": "qa",
          "schema_version": 1,
          "attributes": {
            "arn": "arn:aws:ecs:us-east-1:552940445807:task-definition/app-4-qa-backend:2",
            "arn_without_revision": "arn:aws:ecs:us-east-1:552940445807:task-definition/app-4-qa-backend",
            "container_definitions": "[{\"environment\":[],\"essential\":true,\"image\":\"python:3.10-alpine\",\"mountPoints\":[],\"name\":\"backend\",\"portMappings\":[{\"containerPort\":8000,\"hostPort\":8000,\"name\":\"backend\",\"protocol\":\"tcp\"}],\"systemControls\":[],\"volumesFrom\":[]}]",
            "cpu": "256",
            "enable_fault_injection": false,
            "ephemeral_storage": [],
            "execution_role_arn": "arn:aws:iam::552940445807:role/app-4-ecs-execution-role",
            "family": "app-4-qa-backend",
            "id": "app-4-qa-backend",
            "ipc_mode": "",
            "memory": "512",
            "network_mode": "awsvpc",
            "pid_mode": "",
            "placement_constraints": [],
            "proxy_configuration": [],
            "region": "us-east-1",
            "requires_compatibilities": [
              "FARGATE"
            ],
            "revision": 2,
            "runtime_platform": [],
            "skip_destroy": false,
            "tags": {},
            "tags_all": {},
            "task_role_arn": "",
            "track_latest": false,
            "volume": []
          },
          "sensitive_attributes": [],
          "identity_schema_version": 0,
          "identity": {
            "account_id": "552940445807",
            "family": "app-4-qa-backend",
            "region": "us-east-1",
            "revision": 2
          },
          "private": "eyJzY2hlbWFfdmVyc2lvbiI6IjEifQ==",
          "dependencies": [
            "aws_ecs_cluster.dev",
            "aws_ecs_cluster.prod",
            "aws_ecs_cluster.qa",
            "aws_ecs_cluster.uat",
            "aws_iam_role.ecs_execution_role"
          ]
        },
        {
          "index_key": "uat",
          "schema_version": 1,
          "attributes": {
            "arn": "arn:aws:ecs:us-east-1:552940445807:task-definition/app-4-uat-backend:2",
            "arn_without_revision": "arn:aws:ecs:us-east-1:552940445807:task-definition/app-4-uat-backend",
            "container_definitions": "[{\"environment\":[],\"essential\":true,\"image\":\"python:3.10-alpine\",\"mountPoints\":[],\"name\":\"backend\",\"portMappings\":[{\"containerPort\":8000,\"hostPort\":8000,\"name\":\"backend\",\"protocol\":\"tcp\"}],\"systemControls\":[],\"volumesFrom\":[]}]",
            "cpu": "256",
            "enable_fault_injection": false,
            "ephemeral_storage": [],
            "execution_role_arn": "arn:aws:iam::552940445807:role/app-4-ecs-execution-role",
            "family": "app-4-uat-backend",
            "id": "app-4-uat-backend",
            "ipc_mode": "",
            "memory": "512",
            "network_mode": "awsvpc",
            "pid_mode": "",
            "placement_constraints": [],
            "proxy_configuration": [],
            "region": "us-east-1",
            "requires_compatibilities": [
              "FARGATE"
            ],
            "revision": 2,
            "runtime_platform": [],
            "skip_destroy": false,
            "tags": {},
            "tags_all": {},
            "task_role_arn": "",
            "track_latest": false,
            "volume": []
          },
          "sensitive_attributes": [],
          "identity_schema_version": 0,
          "identity": {
            "account_id": "552940445807",
            "family": "app-4-uat-backend",
            "region": "us-east-1",
            "revision": 2
          },
          "private": "eyJzY2hlbWFfdmVyc2lvbiI6IjEifQ==",
          "dependencies": [
            "aws_ecs_cluster.dev",
            "aws_ecs_cluster.prod",
            "aws_ecs_cluster.qa",
            "aws_ecs_cluster.uat",
            "aws_iam_role.ecs_execution_role"
          ]
        }
      ]
    },
    {
      "mode": "managed",
      "type": "aws_ecs_task_definition",
      "name": "db",
      "provider": "provider[\"registry.terraform.io/hashicorp/aws\"]",
      "instances": [
        {
          "index_key": "dev",
          "schema_version": 1,
          "attributes": {
            "arn": "arn:aws:ecs:us-east-1:552940445807:task-definition/app-4-dev-db:2",
            "arn_without_revision": "arn:aws:ecs:us-east-1:552940445807:task-definition/app-4-dev-db",
            "container_definitions": "[{\"environment\":[],\"essential\":true,\"image\":\"mariadb:10-focal\",\"mountPoints\":[],\"name\":\"db\",\"portMappings\":[{\"containerPort\":5432,\"hostPort\":5432,\"name\":\"mysql\",\"protocol\":\"tcp\"}],\"systemControls\":[],\"volumesFrom\":[]}]",
            "cpu": "256",
            "enable_fault_injection": false,
            "ephemeral_storage": [],
            "execution_role_arn": "arn:aws:iam::552940445807:role/app-4-ecs-execution-role",
            "family": "app-4-dev-db",
            "id": "app-4-dev-db",
            "ipc_mode": "",
            "memory": "512",
            "network_mode": "awsvpc",
            "pid_mode": "",
            "placement_constraints": [],
            "proxy_configuration": [],
            "region": "us-east-1",
            "requires_compatibilities": [
              "FARGATE"
            ],
            "revision": 2,
            "runtime_platform": [],
            "skip_destroy": false,
            "tags": {},
            "tags_all": {},
            "task_role_arn": "",
            "track_latest": false,
            "volume": []
          },
          "sensitive_attributes": [],
          "identity_schema_version": 0,
          "identity": {
            "account_id": "552940445807",
            "family": "app-4-dev-db",
            "region": "us-east-1",
            "revision": 2
          },
          "private": "eyJzY2hlbWFfdmVyc2lvbiI6IjEifQ==",
          "dependencies": [
            "aws_ecs_cluster.dev",
            "aws_ecs_cluster.prod",
            "aws_ecs_cluster.qa",
            "aws_ecs_cluster.uat",
            "aws_iam_role.ecs_execution_role"
          ]
        },
        {
          "index_key": "prod",
          "schema_version": 1,
          "attributes": {
            "arn": "arn:aws:ecs:us-east-1:552940445807:task-definition/app-4-prod-db:2",
            "arn_without_revision": "arn:aws:ecs:us-east-1:552940445807:task-definition/app-4-prod-db",
            "container_definitions": "[{\"environment\":[],\"essential\":true,\"image\":\"mariadb:10-focal\",\"mountPoints\":[],\"name\":\"db\",\"portMappings\":[{\"containerPort\":5432,\"hostPort\":5432,\"name\":\"mysql\",\"protocol\":\"tcp\"}],\"systemControls\":[],\"volumesFrom\":[]}]",
            "cpu": "256",
            "enable_fault_injection": false,
            "ephemeral_storage": [],
            "execution_role_arn": "arn:aws:iam::552940445807:role/app-4-ecs-execution-role",
            "family": "app-4-prod-db",
            "id": "app-4-prod-db",
            "ipc_mode": "",
            "memory": "512",
            "network_mode": "awsvpc",
            "pid_mode": "",
            "placement_constraints": [],
            "proxy_configuration": [],
            "region": "us-east-1",
            "requires_compatibilities": [
              "FARGATE"
            ],
            "revision": 2,
            "runtime_platform": [],
            "skip_destroy": false,
            "tags": {},
            "tags_all": {},
            "task_role_arn": "",
            "track_latest": false,
            "volume": []
          },
          "sensitive_attributes": [],
          "identity_schema_version": 0,
          "identity": {
            "account_id": "552940445807",
            "family": "app-4-prod-db",
            "region": "us-east-1",
            "revision": 2
          },
          "private": "eyJzY2hlbWFfdmVyc2lvbiI6IjEifQ==",
          "dependencies": [
            "aws_ecs_cluster.dev",
            "aws_ecs_cluster.prod",
            "aws_ecs_cluster.qa",
            "aws_ecs_cluster.uat",
            "aws_iam_role.ecs_execution_role"
          ]
        },
        {
          "index_key": "qa",
          "schema_version": 1,
          "attributes": {
            "arn": "arn:aws:ecs:us-east-1:552940445807:task-definition/app-4-qa-db:2",
            "arn_without_revision": "arn:aws:ecs:us-east-1:552940445807:task-definition/app-4-qa-db",
            "container_definitions": "[{\"environment\":[],\"essential\":true,\"image\":\"mariadb:10-focal\",\"mountPoints\":[],\"name\":\"db\",\"portMappings\":[{\"containerPort\":5432,\"hostPort\":5432,\"name\":\"mysql\",\"protocol\":\"tcp\"}],\"systemControls\":[],\"volumesFrom\":[]}]",
            "cpu": "256",
            "enable_fault_injection": false,
            "ephemeral_storage": [],
            "execution_role_arn": "arn:aws:iam::552940445807:role/app-4-ecs-execution-role",
            "family": "app-4-qa-db",
            "id": "app-4-qa-db",
            "ipc_mode": "",
            "memory": "512",
            "network_mode": "awsvpc",
            "pid_mode": "",
            "placement_constraints": [],
            "proxy_configuration": [],
            "region": "us-east-1",
            "requires_compatibilities": [
              "FARGATE"
            ],
            "revision": 2,
            "runtime_platform": [],
            "skip_destroy": false,
            "tags": {},
            "tags_all": {},
            "task_role_arn": "",
            "track_latest": false,
            "volume": []
          },
          "sensitive_attributes": [],
          "identity_schema_version": 0,
          "identity": {
            "account_id": "552940445807",
            "family": "app-4-qa-db",
            "region": "us-east-1",
            "revision": 2
          },
          "private": "eyJzY2hlbWFfdmVyc2lvbiI6IjEifQ==",
          "dependencies": [
            "aws_ecs_cluster.dev",
            "aws_ecs_cluster.prod",
            "aws_ecs_cluster.qa",
            "aws_ecs_cluster.uat",
            "aws_iam_role.ecs_execution_role"
          ]
        },
        {
          "index_key": "uat",
          "schema_version": 1,
          "attributes": {
            "arn": "arn:aws:ecs:us-east-1:552940445807:task-definition/app-4-uat-db:2",
            "arn_without_revision": "arn:aws:ecs:us-east-1:552940445807:task-definition/app-4-uat-db",
            "container_definitions": "[{\"environment\":[],\"essential\":true,\"image\":\"mariadb:10-focal\",\"mountPoints\":[],\"name\":\"db\",\"portMappings\":[{\"containerPort\":5432,\"hostPort\":5432,\"name\":\"mysql\",\"protocol\":\"tcp\"}],\"systemControls\":[],\"volumesFrom\":[]}]",
            "cpu": "256",
            "enable_fault_injection": false,
            "ephemeral_storage": [],
            "execution_role_arn": "arn:aws:iam::552940445807:role/app-4-ecs-execution-role",
            "family": "app-4-uat-db",
            "id": "app-4-uat-db",
            "ipc_mode": "",
            "memory": "512",
            "network_mode": "awsvpc",
            "pid_mode": "",
            "placement_constraints": [],
            "proxy_configuration": [],
            "region": "us-east-1",
            "requires_compatibilities": [
              "FARGATE"
            ],
            "revision": 2,
            "runtime_platform": [],
            "skip_destroy": false,
            "tags": {},
            "tags_all": {},
            "task_role_arn": "",
            "track_latest": false,
            "volume": []
          },
          "sensitive_attributes": [],
          "identity_schema_version": 0,
          "identity": {
            "account_id": "552940445807",
            "family": "app-4-uat-db",
            "region": "us-east-1",
            "revision": 2
          },
          "private": "eyJzY2hlbWFfdmVyc2lvbiI6IjEifQ==",
          "dependencies": [
            "aws_ecs_cluster.dev",
            "aws_ecs_cluster.prod",
            "aws_ecs_cluster.qa",
            "aws_ecs_cluster.uat",
            "aws_iam_role.ecs_execution_role"
          ]
        }
      ]
    },
    {
      "mode": "managed",
      "type": "aws_ecs_task_definition",
      "name": "frontend",
      "provider": "provider[\"registry.terraform.io/hashicorp/aws\"]",
      "instances": [
        {
          "index_key": "dev",
          "schema_version": 1,
          "attributes": {
            "arn": "arn:aws:ecs:us-east-1:552940445807:task-definition/app-4-dev-frontend:2",
            "arn_without_revision": "arn:aws:ecs:us-east-1:552940445807:task-definition/app-4-dev-frontend",
            "container_definitions": "[{\"environment\":[],\"essential\":true,\"image\":\"nginx:1.13-alpine\",\"mountPoints\":[],\"name\":\"frontend\",\"portMappings\":[{\"containerPort\":80,\"hostPort\":80,\"name\":\"frontend\",\"protocol\":\"tcp\"}],\"systemControls\":[],\"volumesFrom\":[]}]",
            "cpu": "256",
            "enable_fault_injection": false,
            "ephemeral_storage": [],
            "execution_role_arn": "arn:aws:iam::552940445807:role/app-4-ecs-execution-role",
            "family": "app-4-dev-frontend",
            "id": "app-4-dev-frontend",
            "ipc_mode": "",
            "memory": "512",
            "network_mode": "awsvpc",
            "pid_mode": "",
            "placement_constraints": [],
            "proxy_configuration": [],
            "region": "us-east-1",
            "requires_compatibilities": [
              "FARGATE"
            ],
            "revision": 2,
            "runtime_platform": [],
            "skip_destroy": false,
            "tags": {},
            "tags_all": {},
            "task_role_arn": "",
            "track_latest": false,
            "volume": []
          },
          "sensitive_attributes": [],
          "identity_schema_version": 0,
          "identity": {
            "account_id": "552940445807",
            "family": "app-4-dev-frontend",
            "region": "us-east-1",
            "revision": 2
          },
          "private": "eyJzY2hlbWFfdmVyc2lvbiI6IjEifQ==",
          "dependencies": [
            "aws_ecs_cluster.dev",
            "aws_ecs_cluster.prod",
            "aws_ecs_cluster.qa",
            "aws_ecs_cluster.uat",
            "aws_iam_role.ecs_execution_role"
          ]
        },
        {
          "index_key": "prod",
          "schema_version": 1,
          "attributes": {
            "arn": "arn:aws:ecs:us-east-1:552940445807:task-definition/app-4-prod-frontend:2",
            "arn_without_revision": "arn:aws:ecs:us-east-1:552940445807:task-definition/app-4-prod-frontend",
            "container_definitions": "[{\"environment\":[],\"essential\":true,\"image\":\"nginx:1.13-alpine\",\"mountPoints\":[],\"name\":\"frontend\",\"portMappings\":[{\"containerPort\":80,\"hostPort\":80,\"name\":\"frontend\",\"protocol\":\"tcp\"}],\"systemControls\":[],\"volumesFrom\":[]}]",
            "cpu": "256",
            "enable_fault_injection": false,
            "ephemeral_storage": [],
            "execution_role_arn": "arn:aws:iam::552940445807:role/app-4-ecs-execution-role",
            "family": "app-4-prod-frontend",
            "id": "app-4-prod-frontend",
            "ipc_mode": "",
            "memory": "512",
            "network_mode": "awsvpc",
            "pid_mode": "",
            "placement_constraints": [],
            "proxy_configuration": [],
            "region": "us-east-1",
            "requires_compatibilities": [
              "FARGATE"
            ],
            "revision": 2,
            "runtime_platform": [],
            "skip_destroy": false,
            "tags": {},
            "tags_all": {},
            "task_role_arn": "",
            "track_latest": false,
            "volume": []
          },
          "sensitive_attributes": [],
          "identity_schema_version": 0,
          "identity": {
            "account_id": "552940445807",
            "family": "app-4-prod-frontend",
            "region": "us-east-1",
            "revision": 2
          },
          "private": "eyJzY2hlbWFfdmVyc2lvbiI6IjEifQ==",
          "dependencies": [
            "aws_ecs_cluster.dev",
            "aws_ecs_cluster.prod",
            "aws_ecs_cluster.qa",
            "aws_ecs_cluster.uat",
            "aws_iam_role.ecs_execution_role"
          ]
        },
        {
          "index_key": "qa",
          "schema_version": 1,
          "attributes": {
            "arn": "arn:aws:ecs:us-east-1:552940445807:task-definition/app-4-qa-frontend:2",
            "arn_without_revision": "arn:aws:ecs:us-east-1:552940445807:task-definition/app-4-qa-frontend",
            "container_definitions": "[{\"environment\":[],\"essential\":true,\"image\":\"nginx:1.13-alpine\",\"mountPoints\":[],\"name\":\"frontend\",\"portMappings\":[{\"containerPort\":80,\"hostPort\":80,\"name\":\"frontend\",\"protocol\":\"tcp\"}],\"systemControls\":[],\"volumesFrom\":[]}]",
            "cpu": "256",
            "enable_fault_injection": false,
            "ephemeral_storage": [],
            "execution_role_arn": "arn:aws:iam::552940445807:role/app-4-ecs-execution-role",
            "family": "app-4-qa-frontend",
            "id": "app-4-qa-frontend",
            "ipc_mode": "",
            "memory": "512",
            "network_mode": "awsvpc",
            "pid_mode": "",
            "placement_constraints": [],
            "proxy_configuration": [],
            "region": "us-east-1",
            "requires_compatibilities": [
              "FARGATE"
            ],
            "revision": 2,
            "runtime_platform": [],
            "skip_destroy": false,
            "tags": {},
            "tags_all": {},
            "task_role_arn": "",
            "track_latest": false,
            "volume": []
          },
          "sensitive_attributes": [],
          "identity_schema_version": 0,
          "identity": {
            "account_id": "552940445807",
            "family": "app-4-qa-frontend",
            "region": "us-east-1",
            "revision": 2
          },
          "private": "eyJzY2hlbWFfdmVyc2lvbiI6IjEifQ==",
          "dependencies": [
            "aws_ecs_cluster.dev",
            "aws_ecs_cluster.prod",
            "aws_ecs_cluster.qa",
            "aws_ecs_cluster.uat",
            "aws_iam_role.ecs_execution_role"
          ]
        },
        {
          "index_key": "uat",
          "schema_version": 1,
          "attributes": {
            "arn": "arn:aws:ecs:us-east-1:552940445807:task-definition/app-4-uat-frontend:2",
            "arn_without_revision": "arn:aws:ecs:us-east-1:552940445807:task-definition/app-4-uat-frontend",
            "container_definitions": "[{\"environment\":[],\"essential\":true,\"image\":\"nginx:1.13-alpine\",\"mountPoints\":[],\"name\":\"frontend\",\"portMappings\":[{\"containerPort\":80,\"hostPort\":80,\"name\":\"frontend\",\"protocol\":\"tcp\"}],\"systemControls\":[],\"volumesFrom\":[]}]",
            "cpu": "256",
            "enable_fault_injection": false,
            "ephemeral_storage": [],
            "execution_role_arn": "arn:aws:iam::552940445807:role/app-4-ecs-execution-role",
            "family": "app-4-uat-frontend",
            "id": "app-4-uat-frontend",
            "ipc_mode": "",
            "memory": "512",
            "network_mode": "awsvpc",
            "pid_mode": "",
            "placement_constraints": [],
            "proxy_configuration": [],
            "region": "us-east-1",
            "requires_compatibilities": [
              "FARGATE"
            ],
            "revision": 2,
            "runtime_platform": [],
            "skip_destroy": false,
            "tags": {},
            "tags_all": {},
            "task_role_arn": "",
            "track_latest": false,
            "volume": []
          },
          "sensitive_attributes": [],
          "identity_schema_version": 0,
          "identity": {
            "account_id": "552940445807",
            "family": "app-4-uat-frontend",
            "region": "us-east-1",
            "revision": 2
          },
          "private": "eyJzY2hlbWFfdmVyc2lvbiI6IjEifQ==",
          "dependencies": [
            "aws_ecs_cluster.dev",
            "aws_ecs_cluster.prod",
            "aws_ecs_cluster.qa",
            "aws_ecs_cluster.uat",
            "aws_iam_role.ecs_execution_role"
          ]
        }
      ]
    },
    {
      "mode": "managed",
      "type": "aws_iam_role",
      "name": "ecs_execution_role",
      "provider": "provider[\"registry.terraform.io/hashicorp/aws\"]",
      "instances": [
        {
          "schema_version": 0,
          "attributes": {
            "arn": "arn:aws:iam::552940445807:role/app-4-ecs-execution-role",
            "assume_role_policy": "{\"Statement\":[{\"Action\":\"sts:AssumeRole\",\"Effect\":\"Allow\",\"Principal\":{\"Service\":\"ecs-tasks.amazonaws.com\"}}],\"Version\":\"2012-10-17\"}",
            "create_date": "2026-09-26T03:38:48Z",
            "description": "",
            "force_detach_policies": false,
            "id": "app-4-ecs-execution-role",
            "inline_policy": [],
            "managed_policy_arns": [
              "arn:aws:iam::aws:policy/service-role/AmazonECSTaskExecutionRolePolicy"
            ],
            "max_session_duration": 3600,
            "name": "app-4-ecs-execution-role",
            "name_prefix": "",
            "path": "/",
            "permissions_boundary": "",
            "tags": {},
            "tags_all": {},
            "unique_id": "AROAYBPORUBXSEBZ6OQ22"
          },
          "sensitive_attributes": [],
          "identity_schema_version": 0,
          "identity": {
            "account_id": "552940445807",
            "name": "app-4-ecs-execution-role"
          },
          "private": "bnVsbA=="
        }
      ]
    },
    {
      "mode": "managed",
      "type": "aws_iam_role_policy_attachment",
      "name": "ecs_execution",
      "provider": "provider[\"registry.terraform.io/hashicorp/aws\"]",
      "instances": [
        {
          "schema_version": 0,
          "attributes": {
            "id": "app-4-ecs-execution-role/arn:aws:iam::aws:policy/service-role/AmazonECSTaskExecutionRolePolicy",
            "policy_arn": "arn:aws:iam::aws:policy/service-role/AmazonECSTaskExecutionRolePolicy",
            "role": "app-4-ecs-execution-role"
          },
          "sensitive_attributes": [],
          "identity_schema_version": 0,
          "identity": {
            "account_id": "552940445807",
            "policy_arn": "arn:aws:iam::aws:policy/service-role/AmazonECSTaskExecutionRolePolicy",
            "role": "app-4-ecs-execution-role"
          },
          "private": "bnVsbA==",
          "dependencies": [
            "aws_iam_role.ecs_execution_role"
          ]
        }
      ]
    },
    {
      "mode": "managed",
      "type": "aws_lb",
      "name": "frontend",
      "provider": "provider[\"registry.terraform.io/hashicorp/aws\"]",
      "instances": [
        {
          "index_key": "dev",
          "schema_version": 0,
          "attributes": {
            "access_logs": [
              {
                "bucket": "",
                "enabled": false,
                "prefix": ""
              }
            ],
            "arn": "arn:aws:elasticloadbalancing:us-east-1:552940445807:loadbalancer/app/emp-dev-frontend-alb/fd9ce6ea751d5042",
            "arn_suffix": "app/emp-dev-frontend-alb/fd9ce6ea751d5042",
            "client_keep_alive": 3600,
            "connection_logs": [
              {
                "bucket": "",
                "enabled": false,
                "prefix": ""
              }
            ],
            "customer_owned_ipv4_pool": "",
            "desync_mitigation_mode": "defensive",
            "dns_name": "emp-dev-frontend-alb-667235864.us-east-1.elb.amazonaws.com",
            "dns_record_client_routing_policy": null,
            "drop_invalid_header_fields": false,
            "enable_cross_zone_load_balancing": true,
            "enable_deletion_protection": false,
            "enable_http2": true,
            "enable_prefix_for_ipv6_source_nat": "off",
            "enable_tls_version_and_cipher_suite_headers": false,
            "enable_waf_fail_open": false,
            "enable_xff_client_port": false,
            "enable_zonal_shift": false,
            "enforce_security_group_inbound_rules_on_private_link_traffic": "",
            "health_check_logs": [
              {
                "bucket": "",
                "enabled": false,
                "prefix": ""
              }
            ],
            "id": "arn:aws:elasticloadbalancing:us-east-1:552940445807:loadbalancer/app/emp-dev-frontend-alb/fd9ce6ea751d5042",
            "idle_timeout": 60,
            "internal": false,
            "ip_address_type": "ipv4",
            "ipam_pools": [],
            "load_balancer_type": "application",
            "minimum_load_balancer_capacity": [],
            "name": "emp-dev-frontend-alb",
            "name_prefix": "",
            "preserve_host_header": false,
            "region": "us-east-1",
            "secondary_ips_auto_assigned_per_subnet": null,
            "security_groups": [
              "sg-0979e23d01d8101bd"
            ],
            "subnet_mapping": [
              {
                "allocation_id": "",
                "ipv6_address": "",
                "outpost_id": "",
                "private_ipv4_address": "",
                "subnet_id": "subnet-0034bda580633f970"
              },
              {
                "allocation_id": "",
                "ipv6_address": "",
                "outpost_id": "",
                "private_ipv4_address": "",
                "subnet_id": "subnet-0642a3fa899c6b146"
              },
              {
                "allocation_id": "",
                "ipv6_address": "",
                "outpost_id": "",
                "private_ipv4_address": "",
                "subnet_id": "subnet-08a15b0fc26f78b95"
              },
              {
                "allocation_id": "",
                "ipv6_address": "",
                "outpost_id": "",
                "private_ipv4_address": "",
                "subnet_id": "subnet-0ab9f1adb21d08d4a"
              },
              {
                "allocation_id": "",
                "ipv6_address": "",
                "outpost_id": "",
                "private_ipv4_address": "",
                "subnet_id": "subnet-0b0af126460583eba"
              },
              {
                "allocation_id": "",
                "ipv6_address": "",
                "outpost_id": "",
                "private_ipv4_address": "",
                "subnet_id": "subnet-0dd5d6a1cc7844d56"
              }
            ],
            "subnets": [
              "subnet-0034bda580633f970",
              "subnet-0642a3fa899c6b146",
              "subnet-08a15b0fc26f78b95",
              "subnet-0ab9f1adb21d08d4a",
              "subnet-0b0af126460583eba",
              "subnet-0dd5d6a1cc7844d56"
            ],
            "tags": {},
            "tags_all": {},
            "timeouts": null,
            "vpc_id": "vpc-02cb40b4e650bf1fb",
            "xff_header_processing_mode": "append",
            "zone_id": "Z35SXDOTRQ7X7K"
          },
          "sensitive_attributes": [],
          "identity_schema_version": 0,
          "identity": {
            "arn": "arn:aws:elasticloadbalancing:us-east-1:552940445807:loadbalancer/app/emp-dev-frontend-alb/fd9ce6ea751d5042"
          },
          "private": "eyJlMmJmYjczMC1lY2FhLTExZTYtOGY4OC0zNDM2M2JjN2M0YzAiOnsiY3JlYXRlIjo2MDAwMDAwMDAwMDAsImRlbGV0ZSI6NjAwMDAwMDAwMDAwLCJ1cGRhdGUiOjYwMDAwMDAwMDAwMH19",
          "dependencies": [
            "aws_ecs_cluster.dev",
            "aws_ecs_cluster.prod",
            "aws_ecs_cluster.qa",
            "aws_ecs_cluster.uat",
            "aws_security_group.alb",
            "aws_service_discovery_http_namespace.app1_dev",
            "aws_service_discovery_http_namespace.app1_prod",
            "aws_service_discovery_http_namespace.app1_qa",
            "aws_service_discovery_http_namespace.app1_uat",
            "data.aws_subnets.main",
            "data.aws_vpc.main"
          ]
        },
        {
          "index_key": "prod",
          "schema_version": 0,
          "attributes": {
            "access_logs": [
              {
                "bucket": "",
                "enabled": false,
                "prefix": ""
              }
            ],
            "arn": "arn:aws:elasticloadbalancing:us-east-1:552940445807:loadbalancer/app/emp-prod-frontend-alb/aa93dbcb58da3f85",
            "arn_suffix": "app/emp-prod-frontend-alb/aa93dbcb58da3f85",
            "client_keep_alive": 3600,
            "connection_logs": [
              {
                "bucket": "",
                "enabled": false,
                "prefix": ""
              }
            ],
            "customer_owned_ipv4_pool": "",
            "desync_mitigation_mode": "defensive",
            "dns_name": "emp-prod-frontend-alb-619623205.us-east-1.elb.amazonaws.com",
            "dns_record_client_routing_policy": null,
            "drop_invalid_header_fields": false,
            "enable_cross_zone_load_balancing": true,
            "enable_deletion_protection": false,
            "enable_http2": true,
            "enable_prefix_for_ipv6_source_nat": "off",
            "enable_tls_version_and_cipher_suite_headers": false,
            "enable_waf_fail_open": false,
            "enable_xff_client_port": false,
            "enable_zonal_shift": false,
            "enforce_security_group_inbound_rules_on_private_link_traffic": "",
            "health_check_logs": [
              {
                "bucket": "",
                "enabled": false,
                "prefix": ""
              }
            ],
            "id": "arn:aws:elasticloadbalancing:us-east-1:552940445807:loadbalancer/app/emp-prod-frontend-alb/aa93dbcb58da3f85",
            "idle_timeout": 60,
            "internal": false,
            "ip_address_type": "ipv4",
            "ipam_pools": [],
            "load_balancer_type": "application",
            "minimum_load_balancer_capacity": [],
            "name": "emp-prod-frontend-alb",
            "name_prefix": "",
            "preserve_host_header": false,
            "region": "us-east-1",
            "secondary_ips_auto_assigned_per_subnet": null,
            "security_groups": [
              "sg-0979e23d01d8101bd"
            ],
            "subnet_mapping": [
              {
                "allocation_id": "",
                "ipv6_address": "",
                "outpost_id": "",
                "private_ipv4_address": "",
                "subnet_id": "subnet-0034bda580633f970"
              },
              {
                "allocation_id": "",
                "ipv6_address": "",
                "outpost_id": "",
                "private_ipv4_address": "",
                "subnet_id": "subnet-0642a3fa899c6b146"
              },
              {
                "allocation_id": "",
                "ipv6_address": "",
                "outpost_id": "",
                "private_ipv4_address": "",
                "subnet_id": "subnet-08a15b0fc26f78b95"
              },
              {
                "allocation_id": "",
                "ipv6_address": "",
                "outpost_id": "",
                "private_ipv4_address": "",
                "subnet_id": "subnet-0ab9f1adb21d08d4a"
              },
              {
                "allocation_id": "",
                "ipv6_address": "",
                "outpost_id": "",
                "private_ipv4_address": "",
                "subnet_id": "subnet-0b0af126460583eba"
              },
              {
                "allocation_id": "",
                "ipv6_address": "",
                "outpost_id": "",
                "private_ipv4_address": "",
                "subnet_id": "subnet-0dd5d6a1cc7844d56"
              }
            ],
            "subnets": [
              "subnet-0034bda580633f970",
              "subnet-0642a3fa899c6b146",
              "subnet-08a15b0fc26f78b95",
              "subnet-0ab9f1adb21d08d4a",
              "subnet-0b0af126460583eba",
              "subnet-0dd5d6a1cc7844d56"
            ],
            "tags": {},
            "tags_all": {},
            "timeouts": null,
            "vpc_id": "vpc-02cb40b4e650bf1fb",
            "xff_header_processing_mode": "append",
            "zone_id": "Z35SXDOTRQ7X7K"
          },
          "sensitive_attributes": [],
          "identity_schema_version": 0,
          "identity": {
            "arn": "arn:aws:elasticloadbalancing:us-east-1:552940445807:loadbalancer/app/emp-prod-frontend-alb/aa93dbcb58da3f85"
          },
          "private": "eyJlMmJmYjczMC1lY2FhLTExZTYtOGY4OC0zNDM2M2JjN2M0YzAiOnsiY3JlYXRlIjo2MDAwMDAwMDAwMDAsImRlbGV0ZSI6NjAwMDAwMDAwMDAwLCJ1cGRhdGUiOjYwMDAwMDAwMDAwMH19",
          "dependencies": [
            "aws_ecs_cluster.dev",
            "aws_ecs_cluster.prod",
            "aws_ecs_cluster.qa",
            "aws_ecs_cluster.uat",
            "aws_security_group.alb",
            "aws_service_discovery_http_namespace.app1_dev",
            "aws_service_discovery_http_namespace.app1_prod",
            "aws_service_discovery_http_namespace.app1_qa",
            "aws_service_discovery_http_namespace.app1_uat",
            "data.aws_subnets.main",
            "data.aws_vpc.main"
          ]
        },
        {
          "index_key": "qa",
          "schema_version": 0,
          "attributes": {
            "access_logs": [
              {
                "bucket": "",
                "enabled": false,
                "prefix": ""
              }
            ],
            "arn": "arn:aws:elasticloadbalancing:us-east-1:552940445807:loadbalancer/app/emp-qa-frontend-alb/15f8af5d4a620968",
            "arn_suffix": "app/emp-qa-frontend-alb/15f8af5d4a620968",
            "client_keep_alive": 3600,
            "connection_logs": [
              {
                "bucket": "",
                "enabled": false,
                "prefix": ""
              }
            ],
            "customer_owned_ipv4_pool": "",
            "desync_mitigation_mode": "defensive",
            "dns_name": "emp-qa-frontend-alb-2074475423.us-east-1.elb.amazonaws.com",
            "dns_record_client_routing_policy": null,
            "drop_invalid_header_fields": false,
            "enable_cross_zone_load_balancing": true,
            "enable_deletion_protection": false,
            "enable_http2": true,
            "enable_prefix_for_ipv6_source_nat": "off",
            "enable_tls_version_and_cipher_suite_headers": false,
            "enable_waf_fail_open": false,
            "enable_xff_client_port": false,
            "enable_zonal_shift": false,
            "enforce_security_group_inbound_rules_on_private_link_traffic": "",
            "health_check_logs": [
              {
                "bucket": "",
                "enabled": false,
                "prefix": ""
              }
            ],
            "id": "arn:aws:elasticloadbalancing:us-east-1:552940445807:loadbalancer/app/emp-qa-frontend-alb/15f8af5d4a620968",
            "idle_timeout": 60,
            "internal": false,
            "ip_address_type": "ipv4",
            "ipam_pools": [],
            "load_balancer_type": "application",
            "minimum_load_balancer_capacity": [],
            "name": "emp-qa-frontend-alb",
            "name_prefix": "",
            "preserve_host_header": false,
            "region": "us-east-1",
            "secondary_ips_auto_assigned_per_subnet": null,
            "security_groups": [
              "sg-0979e23d01d8101bd"
            ],
            "subnet_mapping": [
              {
                "allocation_id": "",
                "ipv6_address": "",
                "outpost_id": "",
                "private_ipv4_address": "",
                "subnet_id": "subnet-0034bda580633f970"
              },
              {
                "allocation_id": "",
                "ipv6_address": "",
                "outpost_id": "",
                "private_ipv4_address": "",
                "subnet_id": "subnet-0642a3fa899c6b146"
              },
              {
                "allocation_id": "",
                "ipv6_address": "",
                "outpost_id": "",
                "private_ipv4_address": "",
                "subnet_id": "subnet-08a15b0fc26f78b95"
              },
              {
                "allocation_id": "",
                "ipv6_address": "",
                "outpost_id": "",
                "private_ipv4_address": "",
                "subnet_id": "subnet-0ab9f1adb21d08d4a"
              },
              {
                "allocation_id": "",
                "ipv6_address": "",
                "outpost_id": "",
                "private_ipv4_address": "",
                "subnet_id": "subnet-0b0af126460583eba"
              },
              {
                "allocation_id": "",
                "ipv6_address": "",
                "outpost_id": "",
                "private_ipv4_address": "",
                "subnet_id": "subnet-0dd5d6a1cc7844d56"
              }
            ],
            "subnets": [
              "subnet-0034bda580633f970",
              "subnet-0642a3fa899c6b146",
              "subnet-08a15b0fc26f78b95",
              "subnet-0ab9f1adb21d08d4a",
              "subnet-0b0af126460583eba",
              "subnet-0dd5d6a1cc7844d56"
            ],
            "tags": {},
            "tags_all": {},
            "timeouts": null,
            "vpc_id": "vpc-02cb40b4e650bf1fb",
            "xff_header_processing_mode": "append",
            "zone_id": "Z35SXDOTRQ7X7K"
          },
          "sensitive_attributes": [],
          "identity_schema_version": 0,
          "identity": {
            "arn": "arn:aws:elasticloadbalancing:us-east-1:552940445807:loadbalancer/app/emp-qa-frontend-alb/15f8af5d4a620968"
          },
          "private": "eyJlMmJmYjczMC1lY2FhLTExZTYtOGY4OC0zNDM2M2JjN2M0YzAiOnsiY3JlYXRlIjo2MDAwMDAwMDAwMDAsImRlbGV0ZSI6NjAwMDAwMDAwMDAwLCJ1cGRhdGUiOjYwMDAwMDAwMDAwMH19",
          "dependencies": [
            "aws_ecs_cluster.dev",
            "aws_ecs_cluster.prod",
            "aws_ecs_cluster.qa",
            "aws_ecs_cluster.uat",
            "aws_security_group.alb",
            "aws_service_discovery_http_namespace.app1_dev",
            "aws_service_discovery_http_namespace.app1_prod",
            "aws_service_discovery_http_namespace.app1_qa",
            "aws_service_discovery_http_namespace.app1_uat",
            "data.aws_subnets.main",
            "data.aws_vpc.main"
          ]
        },
        {
          "index_key": "uat",
          "schema_version": 0,
          "attributes": {
            "access_logs": [
              {
                "bucket": "",
                "enabled": false,
                "prefix": ""
              }
            ],
            "arn": "arn:aws:elasticloadbalancing:us-east-1:552940445807:loadbalancer/app/emp-uat-frontend-alb/0d8c6673fbec16cf",
            "arn_suffix": "app/emp-uat-frontend-alb/0d8c6673fbec16cf",
            "client_keep_alive": 3600,
            "connection_logs": [
              {
                "bucket": "",
                "enabled": false,
                "prefix": ""
              }
            ],
            "customer_owned_ipv4_pool": "",
            "desync_mitigation_mode": "defensive",
            "dns_name": "emp-uat-frontend-alb-1240309185.us-east-1.elb.amazonaws.com",
            "dns_record_client_routing_policy": null,
            "drop_invalid_header_fields": false,
            "enable_cross_zone_load_balancing": true,
            "enable_deletion_protection": false,
            "enable_http2": true,
            "enable_prefix_for_ipv6_source_nat": "off",
            "enable_tls_version_and_cipher_suite_headers": false,
            "enable_waf_fail_open": false,
            "enable_xff_client_port": false,
            "enable_zonal_shift": false,
            "enforce_security_group_inbound_rules_on_private_link_traffic": "",
            "health_check_logs": [
              {
                "bucket": "",
                "enabled": false,
                "prefix": ""
              }
            ],
            "id": "arn:aws:elasticloadbalancing:us-east-1:552940445807:loadbalancer/app/emp-uat-frontend-alb/0d8c6673fbec16cf",
            "idle_timeout": 60,
            "internal": false,
            "ip_address_type": "ipv4",
            "ipam_pools": [],
            "load_balancer_type": "application",
            "minimum_load_balancer_capacity": [],
            "name": "emp-uat-frontend-alb",
            "name_prefix": "",
            "preserve_host_header": false,
            "region": "us-east-1",
            "secondary_ips_auto_assigned_per_subnet": null,
            "security_groups": [
              "sg-0979e23d01d8101bd"
            ],
            "subnet_mapping": [
              {
                "allocation_id": "",
                "ipv6_address": "",
                "outpost_id": "",
                "private_ipv4_address": "",
                "subnet_id": "subnet-0034bda580633f970"
              },
              {
                "allocation_id": "",
                "ipv6_address": "",
                "outpost_id": "",
                "private_ipv4_address": "",
                "subnet_id": "subnet-0642a3fa899c6b146"
              },
              {
                "allocation_id": "",
                "ipv6_address": "",
                "outpost_id": "",
                "private_ipv4_address": "",
                "subnet_id": "subnet-08a15b0fc26f78b95"
              },
              {
                "allocation_id": "",
                "ipv6_address": "",
                "outpost_id": "",
                "private_ipv4_address": "",
                "subnet_id": "subnet-0ab9f1adb21d08d4a"
              },
              {
                "allocation_id": "",
                "ipv6_address": "",
                "outpost_id": "",
                "private_ipv4_address": "",
                "subnet_id": "subnet-0b0af126460583eba"
              },
              {
                "allocation_id": "",
                "ipv6_address": "",
                "outpost_id": "",
                "private_ipv4_address": "",
                "subnet_id": "subnet-0dd5d6a1cc7844d56"
              }
            ],
            "subnets": [
              "subnet-0034bda580633f970",
              "subnet-0642a3fa899c6b146",
              "subnet-08a15b0fc26f78b95",
              "subnet-0ab9f1adb21d08d4a",
              "subnet-0b0af126460583eba",
              "subnet-0dd5d6a1cc7844d56"
            ],
            "tags": {},
            "tags_all": {},
            "timeouts": null,
            "vpc_id": "vpc-02cb40b4e650bf1fb",
            "xff_header_processing_mode": "append",
            "zone_id": "Z35SXDOTRQ7X7K"
          },
          "sensitive_attributes": [],
          "identity_schema_version": 0,
          "identity": {
            "arn": "arn:aws:elasticloadbalancing:us-east-1:552940445807:loadbalancer/app/emp-uat-frontend-alb/0d8c6673fbec16cf"
          },
          "private": "eyJlMmJmYjczMC1lY2FhLTExZTYtOGY4OC0zNDM2M2JjN2M0YzAiOnsiY3JlYXRlIjo2MDAwMDAwMDAwMDAsImRlbGV0ZSI6NjAwMDAwMDAwMDAwLCJ1cGRhdGUiOjYwMDAwMDAwMDAwMH19",
          "dependencies": [
            "aws_ecs_cluster.dev",
            "aws_ecs_cluster.prod",
            "aws_ecs_cluster.qa",
            "aws_ecs_cluster.uat",
            "aws_security_group.alb",
            "aws_service_discovery_http_namespace.app1_dev",
            "aws_service_discovery_http_namespace.app1_prod",
            "aws_service_discovery_http_namespace.app1_qa",
            "aws_service_discovery_http_namespace.app1_uat",
            "data.aws_subnets.main",
            "data.aws_vpc.main"
          ]
        }
      ]
    },
    {
      "mode": "managed",
      "type": "aws_lb_listener",
      "name": "frontend",
      "provider": "provider[\"registry.terraform.io/hashicorp/aws\"]",
      "instances": [
        {
          "index_key": "dev",
          "schema_version": 0,
          "attributes": {
            "alpn_policy": null,
            "arn": "arn:aws:elasticloadbalancing:us-east-1:552940445807:listener/app/emp-dev-frontend-alb/fd9ce6ea751d5042/9d4ffdc6f5fd8c98",
            "certificate_arn": null,
            "default_action": [
              {
                "authenticate_cognito": [],
                "authenticate_oidc": [],
                "fixed_response": [],
                "forward": [],
                "jwt_validation": [],
                "order": 1,
                "redirect": [],
                "target_group_arn": "arn:aws:elasticloadbalancing:us-east-1:552940445807:targetgroup/app-4-dev-f-tg/9300ae2ee142aae7",
                "type": "forward"
              }
            ],
            "id": "arn:aws:elasticloadbalancing:us-east-1:552940445807:listener/app/emp-dev-frontend-alb/fd9ce6ea751d5042/9d4ffdc6f5fd8c98",
            "load_balancer_arn": "arn:aws:elasticloadbalancing:us-east-1:552940445807:loadbalancer/app/emp-dev-frontend-alb/fd9ce6ea751d5042",
            "mutual_authentication": [],
            "port": 80,
            "protocol": "HTTP",
            "region": "us-east-1",
            "routing_http_request_x_amzn_mtls_clientcert_header_name": null,
            "routing_http_request_x_amzn_mtls_clientcert_issuer_header_name": null,
            "routing_http_request_x_amzn_mtls_clientcert_leaf_header_name": null,
            "routing_http_request_x_amzn_mtls_clientcert_serial_number_header_name": null,
            "routing_http_request_x_amzn_mtls_clientcert_subject_header_name": null,
            "routing_http_request_x_amzn_mtls_clientcert_validity_header_name": null,
            "routing_http_request_x_amzn_tls_cipher_suite_header_name": null,
            "routing_http_request_x_amzn_tls_version_header_name": null,
            "routing_http_response_access_control_allow_credentials_header_value": "",
            "routing_http_response_access_control_allow_headers_header_value": "",
            "routing_http_response_access_control_allow_methods_header_value": "",
            "routing_http_response_access_control_allow_origin_header_value": "",
            "routing_http_response_access_control_expose_headers_header_value": "",
            "routing_http_response_access_control_max_age_header_value": "",
            "routing_http_response_content_security_policy_header_value": "",
            "routing_http_response_server_enabled": true,
            "routing_http_response_strict_transport_security_header_value": "",
            "routing_http_response_x_content_type_options_header_value": "",
            "routing_http_response_x_frame_options_header_value": "",
            "ssl_policy": "",
            "tags": {},
            "tags_all": {},
            "tcp_idle_timeout_seconds": null,
            "timeouts": null
          },
          "sensitive_attributes": [],
          "identity_schema_version": 0,
          "identity": {
            "arn": "arn:aws:elasticloadbalancing:us-east-1:552940445807:listener/app/emp-dev-frontend-alb/fd9ce6ea751d5042/9d4ffdc6f5fd8c98"
          },
          "private": "eyJlMmJmYjczMC1lY2FhLTExZTYtOGY4OC0zNDM2M2JjN2M0YzAiOnsiY3JlYXRlIjozMDAwMDAwMDAwMDAsInVwZGF0ZSI6MzAwMDAwMDAwMDAwfX0=",
          "dependencies": [
            "aws_ecs_cluster.dev",
            "aws_ecs_cluster.prod",
            "aws_ecs_cluster.qa",
            "aws_ecs_cluster.uat",
            "aws_lb.frontend",
            "aws_lb_target_group.frontend",
            "aws_security_group.alb",
            "aws_service_discovery_http_namespace.app1_dev",
            "aws_service_discovery_http_namespace.app1_prod",
            "aws_service_discovery_http_namespace.app1_qa",
            "aws_service_discovery_http_namespace.app1_uat",
            "data.aws_subnets.main",
            "data.aws_vpc.main"
          ]
        },
        {
          "index_key": "prod",
          "schema_version": 0,
          "attributes": {
            "alpn_policy": null,
            "arn": "arn:aws:elasticloadbalancing:us-east-1:552940445807:listener/app/emp-prod-frontend-alb/aa93dbcb58da3f85/984724c05505538c",
            "certificate_arn": null,
            "default_action": [
              {
                "authenticate_cognito": [],
                "authenticate_oidc": [],
                "fixed_response": [],
                "forward": [],
                "jwt_validation": [],
                "order": 1,
                "redirect": [],
                "target_group_arn": "arn:aws:elasticloadbalancing:us-east-1:552940445807:targetgroup/app-4-prod-f-tg/5969eb1459cd123e",
                "type": "forward"
              }
            ],
            "id": "arn:aws:elasticloadbalancing:us-east-1:552940445807:listener/app/emp-prod-frontend-alb/aa93dbcb58da3f85/984724c05505538c",
            "load_balancer_arn": "arn:aws:elasticloadbalancing:us-east-1:552940445807:loadbalancer/app/emp-prod-frontend-alb/aa93dbcb58da3f85",
            "mutual_authentication": [],
            "port": 80,
            "protocol": "HTTP",
            "region": "us-east-1",
            "routing_http_request_x_amzn_mtls_clientcert_header_name": null,
            "routing_http_request_x_amzn_mtls_clientcert_issuer_header_name": null,
            "routing_http_request_x_amzn_mtls_clientcert_leaf_header_name": null,
            "routing_http_request_x_amzn_mtls_clientcert_serial_number_header_name": null,
            "routing_http_request_x_amzn_mtls_clientcert_subject_header_name": null,
            "routing_http_request_x_amzn_mtls_clientcert_validity_header_name": null,
            "routing_http_request_x_amzn_tls_cipher_suite_header_name": null,
            "routing_http_request_x_amzn_tls_version_header_name": null,
            "routing_http_response_access_control_allow_credentials_header_value": "",
            "routing_http_response_access_control_allow_headers_header_value": "",
            "routing_http_response_access_control_allow_methods_header_value": "",
            "routing_http_response_access_control_allow_origin_header_value": "",
            "routing_http_response_access_control_expose_headers_header_value": "",
            "routing_http_response_access_control_max_age_header_value": "",
            "routing_http_response_content_security_policy_header_value": "",
            "routing_http_response_server_enabled": true,
            "routing_http_response_strict_transport_security_header_value": "",
            "routing_http_response_x_content_type_options_header_value": "",
            "routing_http_response_x_frame_options_header_value": "",
            "ssl_policy": "",
            "tags": {},
            "tags_all": {},
            "tcp_idle_timeout_seconds": null,
            "timeouts": null
          },
          "sensitive_attributes": [],
          "identity_schema_version": 0,
          "identity": {
            "arn": "arn:aws:elasticloadbalancing:us-east-1:552940445807:listener/app/emp-prod-frontend-alb/aa93dbcb58da3f85/984724c05505538c"
          },
          "private": "eyJlMmJmYjczMC1lY2FhLTExZTYtOGY4OC0zNDM2M2JjN2M0YzAiOnsiY3JlYXRlIjozMDAwMDAwMDAwMDAsInVwZGF0ZSI6MzAwMDAwMDAwMDAwfX0=",
          "dependencies": [
            "aws_ecs_cluster.dev",
            "aws_ecs_cluster.prod",
            "aws_ecs_cluster.qa",
            "aws_ecs_cluster.uat",
            "aws_lb.frontend",
            "aws_lb_target_group.frontend",
            "aws_security_group.alb",
            "aws_service_discovery_http_namespace.app1_dev",
            "aws_service_discovery_http_namespace.app1_prod",
            "aws_service_discovery_http_namespace.app1_qa",
            "aws_service_discovery_http_namespace.app1_uat",
            "data.aws_subnets.main",
            "data.aws_vpc.main"
          ]
        },
        {
          "index_key": "qa",
          "schema_version": 0,
          "attributes": {
            "alpn_policy": null,
            "arn": "arn:aws:elasticloadbalancing:us-east-1:552940445807:listener/app/emp-qa-frontend-alb/15f8af5d4a620968/44dc264db89ad3b5",
            "certificate_arn": null,
            "default_action": [
              {
                "authenticate_cognito": [],
                "authenticate_oidc": [],
                "fixed_response": [],
                "forward": [],
                "jwt_validation": [],
                "order": 1,
                "redirect": [],
                "target_group_arn": "arn:aws:elasticloadbalancing:us-east-1:552940445807:targetgroup/app-4-qa-f-tg/b49faedd8cc38ada",
                "type": "forward"
              }
            ],
            "id": "arn:aws:elasticloadbalancing:us-east-1:552940445807:listener/app/emp-qa-frontend-alb/15f8af5d4a620968/44dc264db89ad3b5",
            "load_balancer_arn": "arn:aws:elasticloadbalancing:us-east-1:552940445807:loadbalancer/app/emp-qa-frontend-alb/15f8af5d4a620968",
            "mutual_authentication": [],
            "port": 80,
            "protocol": "HTTP",
            "region": "us-east-1",
            "routing_http_request_x_amzn_mtls_clientcert_header_name": null,
            "routing_http_request_x_amzn_mtls_clientcert_issuer_header_name": null,
            "routing_http_request_x_amzn_mtls_clientcert_leaf_header_name": null,
            "routing_http_request_x_amzn_mtls_clientcert_serial_number_header_name": null,
            "routing_http_request_x_amzn_mtls_clientcert_subject_header_name": null,
            "routing_http_request_x_amzn_mtls_clientcert_validity_header_name": null,
            "routing_http_request_x_amzn_tls_cipher_suite_header_name": null,
            "routing_http_request_x_amzn_tls_version_header_name": null,
            "routing_http_response_access_control_allow_credentials_header_value": "",
            "routing_http_response_access_control_allow_headers_header_value": "",
            "routing_http_response_access_control_allow_methods_header_value": "",
            "routing_http_response_access_control_allow_origin_header_value": "",
            "routing_http_response_access_control_expose_headers_header_value": "",
            "routing_http_response_access_control_max_age_header_value": "",
            "routing_http_response_content_security_policy_header_value": "",
            "routing_http_response_server_enabled": true,
            "routing_http_response_strict_transport_security_header_value": "",
            "routing_http_response_x_content_type_options_header_value": "",
            "routing_http_response_x_frame_options_header_value": "",
            "ssl_policy": "",
            "tags": {},
            "tags_all": {},
            "tcp_idle_timeout_seconds": null,
            "timeouts": null
          },
          "sensitive_attributes": [],
          "identity_schema_version": 0,
          "identity": {
            "arn": "arn:aws:elasticloadbalancing:us-east-1:552940445807:listener/app/emp-qa-frontend-alb/15f8af5d4a620968/44dc264db89ad3b5"
          },
          "private": "eyJlMmJmYjczMC1lY2FhLTExZTYtOGY4OC0zNDM2M2JjN2M0YzAiOnsiY3JlYXRlIjozMDAwMDAwMDAwMDAsInVwZGF0ZSI6MzAwMDAwMDAwMDAwfX0=",
          "dependencies": [
            "aws_ecs_cluster.dev",
            "aws_ecs_cluster.prod",
            "aws_ecs_cluster.qa",
            "aws_ecs_cluster.uat",
            "aws_lb.frontend",
            "aws_lb_target_group.frontend",
            "aws_security_group.alb",
            "aws_service_discovery_http_namespace.app1_dev",
            "aws_service_discovery_http_namespace.app1_prod",
            "aws_service_discovery_http_namespace.app1_qa",
            "aws_service_discovery_http_namespace.app1_uat",
            "data.aws_subnets.main",
            "data.aws_vpc.main"
          ]
        },
        {
          "index_key": "uat",
          "schema_version": 0,
          "attributes": {
            "alpn_policy": null,
            "arn": "arn:aws:elasticloadbalancing:us-east-1:552940445807:listener/app/emp-uat-frontend-alb/0d8c6673fbec16cf/144cbe6372604c8d",
            "certificate_arn": null,
            "default_action": [
              {
                "authenticate_cognito": [],
                "authenticate_oidc": [],
                "fixed_response": [],
                "forward": [],
                "jwt_validation": [],
                "order": 1,
                "redirect": [],
                "target_group_arn": "arn:aws:elasticloadbalancing:us-east-1:552940445807:targetgroup/app-4-uat-f-tg/0517800daf4e6a4a",
                "type": "forward"
              }
            ],
            "id": "arn:aws:elasticloadbalancing:us-east-1:552940445807:listener/app/emp-uat-frontend-alb/0d8c6673fbec16cf/144cbe6372604c8d",
            "load_balancer_arn": "arn:aws:elasticloadbalancing:us-east-1:552940445807:loadbalancer/app/emp-uat-frontend-alb/0d8c6673fbec16cf",
            "mutual_authentication": [],
            "port": 80,
            "protocol": "HTTP",
            "region": "us-east-1",
            "routing_http_request_x_amzn_mtls_clientcert_header_name": null,
            "routing_http_request_x_amzn_mtls_clientcert_issuer_header_name": null,
            "routing_http_request_x_amzn_mtls_clientcert_leaf_header_name": null,
            "routing_http_request_x_amzn_mtls_clientcert_serial_number_header_name": null,
            "routing_http_request_x_amzn_mtls_clientcert_subject_header_name": null,
            "routing_http_request_x_amzn_mtls_clientcert_validity_header_name": null,
            "routing_http_request_x_amzn_tls_cipher_suite_header_name": null,
            "routing_http_request_x_amzn_tls_version_header_name": null,
            "routing_http_response_access_control_allow_credentials_header_value": "",
            "routing_http_response_access_control_allow_headers_header_value": "",
            "routing_http_response_access_control_allow_methods_header_value": "",
            "routing_http_response_access_control_allow_origin_header_value": "",
            "routing_http_response_access_control_expose_headers_header_value": "",
            "routing_http_response_access_control_max_age_header_value": "",
            "routing_http_response_content_security_policy_header_value": "",
            "routing_http_response_server_enabled": true,
            "routing_http_response_strict_transport_security_header_value": "",
            "routing_http_response_x_content_type_options_header_value": "",
            "routing_http_response_x_frame_options_header_value": "",
            "ssl_policy": "",
            "tags": {},
            "tags_all": {},
            "tcp_idle_timeout_seconds": null,
            "timeouts": null
          },
          "sensitive_attributes": [],
          "identity_schema_version": 0,
          "identity": {
            "arn": "arn:aws:elasticloadbalancing:us-east-1:552940445807:listener/app/emp-uat-frontend-alb/0d8c6673fbec16cf/144cbe6372604c8d"
          },
          "private": "eyJlMmJmYjczMC1lY2FhLTExZTYtOGY4OC0zNDM2M2JjN2M0YzAiOnsiY3JlYXRlIjozMDAwMDAwMDAwMDAsInVwZGF0ZSI6MzAwMDAwMDAwMDAwfX0=",
          "dependencies": [
            "aws_ecs_cluster.dev",
            "aws_ecs_cluster.prod",
            "aws_ecs_cluster.qa",
            "aws_ecs_cluster.uat",
            "aws_lb.frontend",
            "aws_lb_target_group.frontend",
            "aws_security_group.alb",
            "aws_service_discovery_http_namespace.app1_dev",
            "aws_service_discovery_http_namespace.app1_prod",
            "aws_service_discovery_http_namespace.app1_qa",
            "aws_service_discovery_http_namespace.app1_uat",
            "data.aws_subnets.main",
            "data.aws_vpc.main"
          ]
        }
      ]
    },
    {
      "mode": "managed",
      "type": "aws_lb_listener_rule",
      "name": "backend_api",
      "provider": "provider[\"registry.terraform.io/hashicorp/aws\"]",
      "instances": [
        {
          "index_key": "dev",
          "schema_version": 0,
          "attributes": {
            "action": [
              {
                "authenticate_cognito": [],
                "authenticate_oidc": [],
                "fixed_response": [],
                "forward": [],
                "jwt_validation": [],
                "order": 1,
                "redirect": [],
                "target_group_arn": "arn:aws:elasticloadbalancing:us-east-1:552940445807:targetgroup/app-4-dev-b-tg/b79e6ccdf8b1b86c",
                "type": "forward"
              }
            ],
            "arn": "arn:aws:elasticloadbalancing:us-east-1:552940445807:listener-rule/app/emp-dev-frontend-alb/fd9ce6ea751d5042/9d4ffdc6f5fd8c98/a269e02329bd007e",
            "condition": [
              {
                "host_header": [],
                "http_header": [],
                "http_request_method": [],
                "path_pattern": [
                  {
                    "regex_values": [],
                    "values": [
                      "/api/*"
                    ]
                  }
                ],
                "query_string": [],
                "source_ip": []
              }
            ],
            "id": "arn:aws:elasticloadbalancing:us-east-1:552940445807:listener-rule/app/emp-dev-frontend-alb/fd9ce6ea751d5042/9d4ffdc6f5fd8c98/a269e02329bd007e",
            "listener_arn": "arn:aws:elasticloadbalancing:us-east-1:552940445807:listener/app/emp-dev-frontend-alb/fd9ce6ea751d5042/9d4ffdc6f5fd8c98",
            "priority": 10,
            "region": "us-east-1",
            "tags": {},
            "tags_all": {},
            "transform": []
          },
          "sensitive_attributes": [],
          "identity_schema_version": 0,
          "identity": {
            "arn": "arn:aws:elasticloadbalancing:us-east-1:552940445807:listener-rule/app/emp-dev-frontend-alb/fd9ce6ea751d5042/9d4ffdc6f5fd8c98/a269e02329bd007e"
          },
          "private": "bnVsbA==",
          "dependencies": [
            "aws_ecs_cluster.dev",
            "aws_ecs_cluster.prod",
            "aws_ecs_cluster.qa",
            "aws_ecs_cluster.uat",
            "aws_lb.frontend",
            "aws_lb_listener.frontend",
            "aws_lb_target_group.backend",
            "aws_lb_target_group.frontend",
            "aws_security_group.alb",
            "aws_service_discovery_http_namespace.app1_dev",
            "aws_service_discovery_http_namespace.app1_prod",
            "aws_service_discovery_http_namespace.app1_qa",
            "aws_service_discovery_http_namespace.app1_uat",
            "data.aws_subnets.main",
            "data.aws_vpc.main"
          ]
        },
        {
          "index_key": "prod",
          "schema_version": 0,
          "attributes": {
            "action": [
              {
                "authenticate_cognito": [],
                "authenticate_oidc": [],
                "fixed_response": [],
                "forward": [],
                "jwt_validation": [],
                "order": 1,
                "redirect": [],
                "target_group_arn": "arn:aws:elasticloadbalancing:us-east-1:552940445807:targetgroup/app-4-prod-b-tg/7b1dcb67d8eca661",
                "type": "forward"
              }
            ],
            "arn": "arn:aws:elasticloadbalancing:us-east-1:552940445807:listener-rule/app/emp-prod-frontend-alb/aa93dbcb58da3f85/984724c05505538c/557d2df6215deed4",
            "condition": [
              {
                "host_header": [],
                "http_header": [],
                "http_request_method": [],
                "path_pattern": [
                  {
                    "regex_values": [],
                    "values": [
                      "/api/*"
                    ]
                  }
                ],
                "query_string": [],
                "source_ip": []
              }
            ],
            "id": "arn:aws:elasticloadbalancing:us-east-1:552940445807:listener-rule/app/emp-prod-frontend-alb/aa93dbcb58da3f85/984724c05505538c/557d2df6215deed4",
            "listener_arn": "arn:aws:elasticloadbalancing:us-east-1:552940445807:listener/app/emp-prod-frontend-alb/aa93dbcb58da3f85/984724c05505538c",
            "priority": 10,
            "region": "us-east-1",
            "tags": {},
            "tags_all": {},
            "transform": []
          },
          "sensitive_attributes": [],
          "identity_schema_version": 0,
          "identity": {
            "arn": "arn:aws:elasticloadbalancing:us-east-1:552940445807:listener-rule/app/emp-prod-frontend-alb/aa93dbcb58da3f85/984724c05505538c/557d2df6215deed4"
          },
          "private": "bnVsbA==",
          "dependencies": [
            "aws_ecs_cluster.dev",
            "aws_ecs_cluster.prod",
            "aws_ecs_cluster.qa",
            "aws_ecs_cluster.uat",
            "aws_lb.frontend",
            "aws_lb_listener.frontend",
            "aws_lb_target_group.backend",
            "aws_lb_target_group.frontend",
            "aws_security_group.alb",
            "aws_service_discovery_http_namespace.app1_dev",
            "aws_service_discovery_http_namespace.app1_prod",
            "aws_service_discovery_http_namespace.app1_qa",
            "aws_service_discovery_http_namespace.app1_uat",
            "data.aws_subnets.main",
            "data.aws_vpc.main"
          ]
        },
        {
          "index_key": "qa",
          "schema_version": 0,
          "attributes": {
            "action": [
              {
                "authenticate_cognito": [],
                "authenticate_oidc": [],
                "fixed_response": [],
                "forward": [],
                "jwt_validation": [],
                "order": 1,
                "redirect": [],
                "target_group_arn": "arn:aws:elasticloadbalancing:us-east-1:552940445807:targetgroup/app-4-qa-b-tg/e08875b0be86a9ee",
                "type": "forward"
              }
            ],
            "arn": "arn:aws:elasticloadbalancing:us-east-1:552940445807:listener-rule/app/emp-qa-frontend-alb/15f8af5d4a620968/44dc264db89ad3b5/b8f00969c13b8bfe",
            "condition": [
              {
                "host_header": [],
                "http_header": [],
                "http_request_method": [],
                "path_pattern": [
                  {
                    "regex_values": [],
                    "values": [
                      "/api/*"
                    ]
                  }
                ],
                "query_string": [],
                "source_ip": []
              }
            ],
            "id": "arn:aws:elasticloadbalancing:us-east-1:552940445807:listener-rule/app/emp-qa-frontend-alb/15f8af5d4a620968/44dc264db89ad3b5/b8f00969c13b8bfe",
            "listener_arn": "arn:aws:elasticloadbalancing:us-east-1:552940445807:listener/app/emp-qa-frontend-alb/15f8af5d4a620968/44dc264db89ad3b5",
            "priority": 10,
            "region": "us-east-1",
            "tags": {},
            "tags_all": {},
            "transform": []
          },
          "sensitive_attributes": [],
          "identity_schema_version": 0,
          "identity": {
            "arn": "arn:aws:elasticloadbalancing:us-east-1:552940445807:listener-rule/app/emp-qa-frontend-alb/15f8af5d4a620968/44dc264db89ad3b5/b8f00969c13b8bfe"
          },
          "private": "bnVsbA==",
          "dependencies": [
            "aws_ecs_cluster.dev",
            "aws_ecs_cluster.prod",
            "aws_ecs_cluster.qa",
            "aws_ecs_cluster.uat",
            "aws_lb.frontend",
            "aws_lb_listener.frontend",
            "aws_lb_target_group.backend",
            "aws_lb_target_group.frontend",
            "aws_security_group.alb",
            "aws_service_discovery_http_namespace.app1_dev",
            "aws_service_discovery_http_namespace.app1_prod",
            "aws_service_discovery_http_namespace.app1_qa",
            "aws_service_discovery_http_namespace.app1_uat",
            "data.aws_subnets.main",
            "data.aws_vpc.main"
          ]
        },
        {
          "index_key": "uat",
          "schema_version": 0,
          "attributes": {
            "action": [
              {
                "authenticate_cognito": [],
                "authenticate_oidc": [],
                "fixed_response": [],
                "forward": [],
                "jwt_validation": [],
                "order": 1,
                "redirect": [],
                "target_group_arn": "arn:aws:elasticloadbalancing:us-east-1:552940445807:targetgroup/app-4-uat-b-tg/57b52ad8e65d8702",
                "type": "forward"
              }
            ],
            "arn": "arn:aws:elasticloadbalancing:us-east-1:552940445807:listener-rule/app/emp-uat-frontend-alb/0d8c6673fbec16cf/144cbe6372604c8d/4880f19064cbdf7f",
            "condition": [
              {
                "host_header": [],
                "http_header": [],
                "http_request_method": [],
                "path_pattern": [
                  {
                    "regex_values": [],
                    "values": [
                      "/api/*"
                    ]
                  }
                ],
                "query_string": [],
                "source_ip": []
              }
            ],
            "id": "arn:aws:elasticloadbalancing:us-east-1:552940445807:listener-rule/app/emp-uat-frontend-alb/0d8c6673fbec16cf/144cbe6372604c8d/4880f19064cbdf7f",
            "listener_arn": "arn:aws:elasticloadbalancing:us-east-1:552940445807:listener/app/emp-uat-frontend-alb/0d8c6673fbec16cf/144cbe6372604c8d",
            "priority": 10,
            "region": "us-east-1",
            "tags": {},
            "tags_all": {},
            "transform": []
          },
          "sensitive_attributes": [],
          "identity_schema_version": 0,
          "identity": {
            "arn": "arn:aws:elasticloadbalancing:us-east-1:552940445807:listener-rule/app/emp-uat-frontend-alb/0d8c6673fbec16cf/144cbe6372604c8d/4880f19064cbdf7f"
          },
          "private": "bnVsbA==",
          "dependencies": [
            "aws_ecs_cluster.dev",
            "aws_ecs_cluster.prod",
            "aws_ecs_cluster.qa",
            "aws_ecs_cluster.uat",
            "aws_lb.frontend",
            "aws_lb_listener.frontend",
            "aws_lb_target_group.backend",
            "aws_lb_target_group.frontend",
            "aws_security_group.alb",
            "aws_service_discovery_http_namespace.app1_dev",
            "aws_service_discovery_http_namespace.app1_prod",
            "aws_service_discovery_http_namespace.app1_qa",
            "aws_service_discovery_http_namespace.app1_uat",
            "data.aws_subnets.main",
            "data.aws_vpc.main"
          ]
        }
      ]
    },
    {
      "mode": "managed",
      "type": "aws_lb_target_group",
      "name": "backend",
      "provider": "provider[\"registry.terraform.io/hashicorp/aws\"]",
      "instances": [
        {
          "index_key": "dev",
          "schema_version": 0,
          "attributes": {
            "arn": "arn:aws:elasticloadbalancing:us-east-1:552940445807:targetgroup/app-4-dev-b-tg/b79e6ccdf8b1b86c",
            "arn_suffix": "targetgroup/app-4-dev-b-tg/b79e6ccdf8b1b86c",
            "connection_termination": null,
            "deregistration_delay": "300",
            "health_check": [
              {
                "enabled": true,
                "healthy_threshold": 2,
                "interval": 30,
                "matcher": "200-399",
                "path": "/",
                "port": "traffic-port",
                "protocol": "HTTP",
                "timeout": 5,
                "unhealthy_threshold": 2
              }
            ],
            "id": "arn:aws:elasticloadbalancing:us-east-1:552940445807:targetgroup/app-4-dev-b-tg/b79e6ccdf8b1b86c",
            "ip_address_type": "ipv4",
            "lambda_multi_value_headers_enabled": false,
            "load_balancer_arns": [
              "arn:aws:elasticloadbalancing:us-east-1:552940445807:loadbalancer/app/emp-dev-frontend-alb/fd9ce6ea751d5042"
            ],
            "load_balancing_algorithm_type": "round_robin",
            "load_balancing_anomaly_mitigation": "off",
            "load_balancing_cross_zone_enabled": "use_load_balancer_configuration",
            "name": "app-4-dev-b-tg",
            "name_prefix": "",
            "port": 8000,
            "preserve_client_ip": null,
            "protocol": "HTTP",
            "protocol_version": "HTTP1",
            "proxy_protocol_v2": false,
            "region": "us-east-1",
            "slow_start": 0,
            "stickiness": [
              {
                "cookie_duration": 86400,
                "cookie_name": "",
                "enabled": false,
                "type": "lb_cookie"
              }
            ],
            "tags": {},
            "tags_all": {},
            "target_control_port": 0,
            "target_failover": [
              {
                "on_deregistration": null,
                "on_unhealthy": null
              }
            ],
            "target_group_health": [
              {
                "dns_failover": [
                  {
                    "minimum_healthy_targets_count": "1",
                    "minimum_healthy_targets_percentage": "off"
                  }
                ],
                "unhealthy_state_routing": [
                  {
                    "minimum_healthy_targets_count": 1,
                    "minimum_healthy_targets_percentage": "off"
                  }
                ]
              }
            ],
            "target_health_state": [
              {
                "enable_unhealthy_connection_termination": null,
                "unhealthy_draining_interval": null
              }
            ],
            "target_type": "ip",
            "vpc_id": "vpc-02cb40b4e650bf1fb"
          },
          "sensitive_attributes": [],
          "identity_schema_version": 0,
          "identity": {
            "arn": "arn:aws:elasticloadbalancing:us-east-1:552940445807:targetgroup/app-4-dev-b-tg/b79e6ccdf8b1b86c"
          },
          "private": "bnVsbA==",
          "dependencies": [
            "aws_ecs_cluster.dev",
            "aws_ecs_cluster.prod",
            "aws_ecs_cluster.qa",
            "aws_ecs_cluster.uat",
            "aws_service_discovery_http_namespace.app1_dev",
            "aws_service_discovery_http_namespace.app1_prod",
            "aws_service_discovery_http_namespace.app1_qa",
            "aws_service_discovery_http_namespace.app1_uat",
            "data.aws_vpc.main"
          ]
        },
        {
          "index_key": "prod",
          "schema_version": 0,
          "attributes": {
            "arn": "arn:aws:elasticloadbalancing:us-east-1:552940445807:targetgroup/app-4-prod-b-tg/7b1dcb67d8eca661",
            "arn_suffix": "targetgroup/app-4-prod-b-tg/7b1dcb67d8eca661",
            "connection_termination": null,
            "deregistration_delay": "300",
            "health_check": [
              {
                "enabled": true,
                "healthy_threshold": 2,
                "interval": 30,
                "matcher": "200-399",
                "path": "/",
                "port": "traffic-port",
                "protocol": "HTTP",
                "timeout": 5,
                "unhealthy_threshold": 2
              }
            ],
            "id": "arn:aws:elasticloadbalancing:us-east-1:552940445807:targetgroup/app-4-prod-b-tg/7b1dcb67d8eca661",
            "ip_address_type": "ipv4",
            "lambda_multi_value_headers_enabled": false,
            "load_balancer_arns": [
              "arn:aws:elasticloadbalancing:us-east-1:552940445807:loadbalancer/app/emp-prod-frontend-alb/aa93dbcb58da3f85"
            ],
            "load_balancing_algorithm_type": "round_robin",
            "load_balancing_anomaly_mitigation": "off",
            "load_balancing_cross_zone_enabled": "use_load_balancer_configuration",
            "name": "app-4-prod-b-tg",
            "name_prefix": "",
            "port": 8000,
            "preserve_client_ip": null,
            "protocol": "HTTP",
            "protocol_version": "HTTP1",
            "proxy_protocol_v2": false,
            "region": "us-east-1",
            "slow_start": 0,
            "stickiness": [
              {
                "cookie_duration": 86400,
                "cookie_name": "",
                "enabled": false,
                "type": "lb_cookie"
              }
            ],
            "tags": {},
            "tags_all": {},
            "target_control_port": 0,
            "target_failover": [
              {
                "on_deregistration": null,
                "on_unhealthy": null
              }
            ],
            "target_group_health": [
              {
                "dns_failover": [
                  {
                    "minimum_healthy_targets_count": "1",
                    "minimum_healthy_targets_percentage": "off"
                  }
                ],
                "unhealthy_state_routing": [
                  {
                    "minimum_healthy_targets_count": 1,
                    "minimum_healthy_targets_percentage": "off"
                  }
                ]
              }
            ],
            "target_health_state": [
              {
                "enable_unhealthy_connection_termination": null,
                "unhealthy_draining_interval": null
              }
            ],
            "target_type": "ip",
            "vpc_id": "vpc-02cb40b4e650bf1fb"
          },
          "sensitive_attributes": [],
          "identity_schema_version": 0,
          "identity": {
            "arn": "arn:aws:elasticloadbalancing:us-east-1:552940445807:targetgroup/app-4-prod-b-tg/7b1dcb67d8eca661"
          },
          "private": "bnVsbA==",
          "dependencies": [
            "aws_ecs_cluster.dev",
            "aws_ecs_cluster.prod",
            "aws_ecs_cluster.qa",
            "aws_ecs_cluster.uat",
            "aws_service_discovery_http_namespace.app1_dev",
            "aws_service_discovery_http_namespace.app1_prod",
            "aws_service_discovery_http_namespace.app1_qa",
            "aws_service_discovery_http_namespace.app1_uat",
            "data.aws_vpc.main"
          ]
        },
        {
          "index_key": "qa",
          "schema_version": 0,
          "attributes": {
            "arn": "arn:aws:elasticloadbalancing:us-east-1:552940445807:targetgroup/app-4-qa-b-tg/e08875b0be86a9ee",
            "arn_suffix": "targetgroup/app-4-qa-b-tg/e08875b0be86a9ee",
            "connection_termination": null,
            "deregistration_delay": "300",
            "health_check": [
              {
                "enabled": true,
                "healthy_threshold": 2,
                "interval": 30,
                "matcher": "200-399",
                "path": "/",
                "port": "traffic-port",
                "protocol": "HTTP",
                "timeout": 5,
                "unhealthy_threshold": 2
              }
            ],
            "id": "arn:aws:elasticloadbalancing:us-east-1:552940445807:targetgroup/app-4-qa-b-tg/e08875b0be86a9ee",
            "ip_address_type": "ipv4",
            "lambda_multi_value_headers_enabled": false,
            "load_balancer_arns": [
              "arn:aws:elasticloadbalancing:us-east-1:552940445807:loadbalancer/app/emp-qa-frontend-alb/15f8af5d4a620968"
            ],
            "load_balancing_algorithm_type": "round_robin",
            "load_balancing_anomaly_mitigation": "off",
            "load_balancing_cross_zone_enabled": "use_load_balancer_configuration",
            "name": "app-4-qa-b-tg",
            "name_prefix": "",
            "port": 8000,
            "preserve_client_ip": null,
            "protocol": "HTTP",
            "protocol_version": "HTTP1",
            "proxy_protocol_v2": false,
            "region": "us-east-1",
            "slow_start": 0,
            "stickiness": [
              {
                "cookie_duration": 86400,
                "cookie_name": "",
                "enabled": false,
                "type": "lb_cookie"
              }
            ],
            "tags": {},
            "tags_all": {},
            "target_control_port": 0,
            "target_failover": [
              {
                "on_deregistration": null,
                "on_unhealthy": null
              }
            ],
            "target_group_health": [
              {
                "dns_failover": [
                  {
                    "minimum_healthy_targets_count": "1",
                    "minimum_healthy_targets_percentage": "off"
                  }
                ],
                "unhealthy_state_routing": [
                  {
                    "minimum_healthy_targets_count": 1,
                    "minimum_healthy_targets_percentage": "off"
                  }
                ]
              }
            ],
            "target_health_state": [
              {
                "enable_unhealthy_connection_termination": null,
                "unhealthy_draining_interval": null
              }
            ],
            "target_type": "ip",
            "vpc_id": "vpc-02cb40b4e650bf1fb"
          },
          "sensitive_attributes": [],
          "identity_schema_version": 0,
          "identity": {
            "arn": "arn:aws:elasticloadbalancing:us-east-1:552940445807:targetgroup/app-4-qa-b-tg/e08875b0be86a9ee"
          },
          "private": "bnVsbA==",
          "dependencies": [
            "aws_ecs_cluster.dev",
            "aws_ecs_cluster.prod",
            "aws_ecs_cluster.qa",
            "aws_ecs_cluster.uat",
            "aws_service_discovery_http_namespace.app1_dev",
            "aws_service_discovery_http_namespace.app1_prod",
            "aws_service_discovery_http_namespace.app1_qa",
            "aws_service_discovery_http_namespace.app1_uat",
            "data.aws_vpc.main"
          ]
        },
        {
          "index_key": "uat",
          "schema_version": 0,
          "attributes": {
            "arn": "arn:aws:elasticloadbalancing:us-east-1:552940445807:targetgroup/app-4-uat-b-tg/57b52ad8e65d8702",
            "arn_suffix": "targetgroup/app-4-uat-b-tg/57b52ad8e65d8702",
            "connection_termination": null,
            "deregistration_delay": "300",
            "health_check": [
              {
                "enabled": true,
                "healthy_threshold": 2,
                "interval": 30,
                "matcher": "200-399",
                "path": "/",
                "port": "traffic-port",
                "protocol": "HTTP",
                "timeout": 5,
                "unhealthy_threshold": 2
              }
            ],
            "id": "arn:aws:elasticloadbalancing:us-east-1:552940445807:targetgroup/app-4-uat-b-tg/57b52ad8e65d8702",
            "ip_address_type": "ipv4",
            "lambda_multi_value_headers_enabled": false,
            "load_balancer_arns": [
              "arn:aws:elasticloadbalancing:us-east-1:552940445807:loadbalancer/app/emp-uat-frontend-alb/0d8c6673fbec16cf"
            ],
            "load_balancing_algorithm_type": "round_robin",
            "load_balancing_anomaly_mitigation": "off",
            "load_balancing_cross_zone_enabled": "use_load_balancer_configuration",
            "name": "app-4-uat-b-tg",
            "name_prefix": "",
            "port": 8000,
            "preserve_client_ip": null,
            "protocol": "HTTP",
            "protocol_version": "HTTP1",
            "proxy_protocol_v2": false,
            "region": "us-east-1",
            "slow_start": 0,
            "stickiness": [
              {
                "cookie_duration": 86400,
                "cookie_name": "",
                "enabled": false,
                "type": "lb_cookie"
              }
            ],
            "tags": {},
            "tags_all": {},
            "target_control_port": 0,
            "target_failover": [
              {
                "on_deregistration": null,
                "on_unhealthy": null
              }
            ],
            "target_group_health": [
              {
                "dns_failover": [
                  {
                    "minimum_healthy_targets_count": "1",
                    "minimum_healthy_targets_percentage": "off"
                  }
                ],
                "unhealthy_state_routing": [
                  {
                    "minimum_healthy_targets_count": 1,
                    "minimum_healthy_targets_percentage": "off"
                  }
                ]
              }
            ],
            "target_health_state": [
              {
                "enable_unhealthy_connection_termination": null,
                "unhealthy_draining_interval": null
              }
            ],
            "target_type": "ip",
            "vpc_id": "vpc-02cb40b4e650bf1fb"
          },
          "sensitive_attributes": [],
          "identity_schema_version": 0,
          "identity": {
            "arn": "arn:aws:elasticloadbalancing:us-east-1:552940445807:targetgroup/app-4-uat-b-tg/57b52ad8e65d8702"
          },
          "private": "bnVsbA==",
          "dependencies": [
            "aws_ecs_cluster.dev",
            "aws_ecs_cluster.prod",
            "aws_ecs_cluster.qa",
            "aws_ecs_cluster.uat",
            "aws_service_discovery_http_namespace.app1_dev",
            "aws_service_discovery_http_namespace.app1_prod",
            "aws_service_discovery_http_namespace.app1_qa",
            "aws_service_discovery_http_namespace.app1_uat",
            "data.aws_vpc.main"
          ]
        }
      ]
    },
    {
      "mode": "managed",
      "type": "aws_lb_target_group",
      "name": "frontend",
      "provider": "provider[\"registry.terraform.io/hashicorp/aws\"]",
      "instances": [
        {
          "index_key": "dev",
          "schema_version": 0,
          "attributes": {
            "arn": "arn:aws:elasticloadbalancing:us-east-1:552940445807:targetgroup/app-4-dev-f-tg/9300ae2ee142aae7",
            "arn_suffix": "targetgroup/app-4-dev-f-tg/9300ae2ee142aae7",
            "connection_termination": null,
            "deregistration_delay": "300",
            "health_check": [
              {
                "enabled": true,
                "healthy_threshold": 2,
                "interval": 30,
                "matcher": "200-399",
                "path": "/",
                "port": "traffic-port",
                "protocol": "HTTP",
                "timeout": 5,
                "unhealthy_threshold": 2
              }
            ],
            "id": "arn:aws:elasticloadbalancing:us-east-1:552940445807:targetgroup/app-4-dev-f-tg/9300ae2ee142aae7",
            "ip_address_type": "ipv4",
            "lambda_multi_value_headers_enabled": false,
            "load_balancer_arns": [
              "arn:aws:elasticloadbalancing:us-east-1:552940445807:loadbalancer/app/emp-dev-frontend-alb/fd9ce6ea751d5042"
            ],
            "load_balancing_algorithm_type": "round_robin",
            "load_balancing_anomaly_mitigation": "off",
            "load_balancing_cross_zone_enabled": "use_load_balancer_configuration",
            "name": "app-4-dev-f-tg",
            "name_prefix": "",
            "port": 80,
            "preserve_client_ip": null,
            "protocol": "HTTP",
            "protocol_version": "HTTP1",
            "proxy_protocol_v2": false,
            "region": "us-east-1",
            "slow_start": 0,
            "stickiness": [
              {
                "cookie_duration": 86400,
                "cookie_name": "",
                "enabled": false,
                "type": "lb_cookie"
              }
            ],
            "tags": {},
            "tags_all": {},
            "target_control_port": 0,
            "target_failover": [
              {
                "on_deregistration": null,
                "on_unhealthy": null
              }
            ],
            "target_group_health": [
              {
                "dns_failover": [
                  {
                    "minimum_healthy_targets_count": "1",
                    "minimum_healthy_targets_percentage": "off"
                  }
                ],
                "unhealthy_state_routing": [
                  {
                    "minimum_healthy_targets_count": 1,
                    "minimum_healthy_targets_percentage": "off"
                  }
                ]
              }
            ],
            "target_health_state": [
              {
                "enable_unhealthy_connection_termination": null,
                "unhealthy_draining_interval": null
              }
            ],
            "target_type": "ip",
            "vpc_id": "vpc-02cb40b4e650bf1fb"
          },
          "sensitive_attributes": [],
          "identity_schema_version": 0,
          "identity": {
            "arn": "arn:aws:elasticloadbalancing:us-east-1:552940445807:targetgroup/app-4-dev-f-tg/9300ae2ee142aae7"
          },
          "private": "bnVsbA==",
          "dependencies": [
            "aws_ecs_cluster.dev",
            "aws_ecs_cluster.prod",
            "aws_ecs_cluster.qa",
            "aws_ecs_cluster.uat",
            "aws_service_discovery_http_namespace.app1_dev",
            "aws_service_discovery_http_namespace.app1_prod",
            "aws_service_discovery_http_namespace.app1_qa",
            "aws_service_discovery_http_namespace.app1_uat",
            "data.aws_vpc.main"
          ]
        },
        {
          "index_key": "prod",
          "schema_version": 0,
          "attributes": {
            "arn": "arn:aws:elasticloadbalancing:us-east-1:552940445807:targetgroup/app-4-prod-f-tg/5969eb1459cd123e",
            "arn_suffix": "targetgroup/app-4-prod-f-tg/5969eb1459cd123e",
            "connection_termination": null,
            "deregistration_delay": "300",
            "health_check": [
              {
                "enabled": true,
                "healthy_threshold": 2,
                "interval": 30,
                "matcher": "200-399",
                "path": "/",
                "port": "traffic-port",
                "protocol": "HTTP",
                "timeout": 5,
                "unhealthy_threshold": 2
              }
            ],
            "id": "arn:aws:elasticloadbalancing:us-east-1:552940445807:targetgroup/app-4-prod-f-tg/5969eb1459cd123e",
            "ip_address_type": "ipv4",
            "lambda_multi_value_headers_enabled": false,
            "load_balancer_arns": [
              "arn:aws:elasticloadbalancing:us-east-1:552940445807:loadbalancer/app/emp-prod-frontend-alb/aa93dbcb58da3f85"
            ],
            "load_balancing_algorithm_type": "round_robin",
            "load_balancing_anomaly_mitigation": "off",
            "load_balancing_cross_zone_enabled": "use_load_balancer_configuration",
            "name": "app-4-prod-f-tg",
            "name_prefix": "",
            "port": 80,
            "preserve_client_ip": null,
            "protocol": "HTTP",
            "protocol_version": "HTTP1",
            "proxy_protocol_v2": false,
            "region": "us-east-1",
            "slow_start": 0,
            "stickiness": [
              {
                "cookie_duration": 86400,
                "cookie_name": "",
                "enabled": false,
                "type": "lb_cookie"
              }
            ],
            "tags": {},
            "tags_all": {},
            "target_control_port": 0,
            "target_failover": [
              {
                "on_deregistration": null,
                "on_unhealthy": null
              }
            ],
            "target_group_health": [
              {
                "dns_failover": [
                  {
                    "minimum_healthy_targets_count": "1",
                    "minimum_healthy_targets_percentage": "off"
                  }
                ],
                "unhealthy_state_routing": [
                  {
                    "minimum_healthy_targets_count": 1,
                    "minimum_healthy_targets_percentage": "off"
                  }
                ]
              }
            ],
            "target_health_state": [
              {
                "enable_unhealthy_connection_termination": null,
                "unhealthy_draining_interval": null
              }
            ],
            "target_type": "ip",
            "vpc_id": "vpc-02cb40b4e650bf1fb"
          },
          "sensitive_attributes": [],
          "identity_schema_version": 0,
          "identity": {
            "arn": "arn:aws:elasticloadbalancing:us-east-1:552940445807:targetgroup/app-4-prod-f-tg/5969eb1459cd123e"
          },
          "private": "bnVsbA==",
          "dependencies": [
            "aws_ecs_cluster.dev",
            "aws_ecs_cluster.prod",
            "aws_ecs_cluster.qa",
            "aws_ecs_cluster.uat",
            "aws_service_discovery_http_namespace.app1_dev",
            "aws_service_discovery_http_namespace.app1_prod",
            "aws_service_discovery_http_namespace.app1_qa",
            "aws_service_discovery_http_namespace.app1_uat",
            "data.aws_vpc.main"
          ]
        },
        {
          "index_key": "qa",
          "schema_version": 0,
          "attributes": {
            "arn": "arn:aws:elasticloadbalancing:us-east-1:552940445807:targetgroup/app-4-qa-f-tg/b49faedd8cc38ada",
            "arn_suffix": "targetgroup/app-4-qa-f-tg/b49faedd8cc38ada",
            "connection_termination": null,
            "deregistration_delay": "300",
            "health_check": [
              {
                "enabled": true,
                "healthy_threshold": 2,
                "interval": 30,
                "matcher": "200-399",
                "path": "/",
                "port": "traffic-port",
                "protocol": "HTTP",
                "timeout": 5,
                "unhealthy_threshold": 2
              }
            ],
            "id": "arn:aws:elasticloadbalancing:us-east-1:552940445807:targetgroup/app-4-qa-f-tg/b49faedd8cc38ada",
            "ip_address_type": "ipv4",
            "lambda_multi_value_headers_enabled": false,
            "load_balancer_arns": [
              "arn:aws:elasticloadbalancing:us-east-1:552940445807:loadbalancer/app/emp-qa-frontend-alb/15f8af5d4a620968"
            ],
            "load_balancing_algorithm_type": "round_robin",
            "load_balancing_anomaly_mitigation": "off",
            "load_balancing_cross_zone_enabled": "use_load_balancer_configuration",
            "name": "app-4-qa-f-tg",
            "name_prefix": "",
            "port": 80,
            "preserve_client_ip": null,
            "protocol": "HTTP",
            "protocol_version": "HTTP1",
            "proxy_protocol_v2": false,
            "region": "us-east-1",
            "slow_start": 0,
            "stickiness": [
              {
                "cookie_duration": 86400,
                "cookie_name": "",
                "enabled": false,
                "type": "lb_cookie"
              }
            ],
            "tags": {},
            "tags_all": {},
            "target_control_port": 0,
            "target_failover": [
              {
                "on_deregistration": null,
                "on_unhealthy": null
              }
            ],
            "target_group_health": [
              {
                "dns_failover": [
                  {
                    "minimum_healthy_targets_count": "1",
                    "minimum_healthy_targets_percentage": "off"
                  }
                ],
                "unhealthy_state_routing": [
                  {
                    "minimum_healthy_targets_count": 1,
                    "minimum_healthy_targets_percentage": "off"
                  }
                ]
              }
            ],
            "target_health_state": [
              {
                "enable_unhealthy_connection_termination": null,
                "unhealthy_draining_interval": null
              }
            ],
            "target_type": "ip",
            "vpc_id": "vpc-02cb40b4e650bf1fb"
          },
          "sensitive_attributes": [],
          "identity_schema_version": 0,
          "identity": {
            "arn": "arn:aws:elasticloadbalancing:us-east-1:552940445807:targetgroup/app-4-qa-f-tg/b49faedd8cc38ada"
          },
          "private": "bnVsbA==",
          "dependencies": [
            "aws_ecs_cluster.dev",
            "aws_ecs_cluster.prod",
            "aws_ecs_cluster.qa",
            "aws_ecs_cluster.uat",
            "aws_service_discovery_http_namespace.app1_dev",
            "aws_service_discovery_http_namespace.app1_prod",
            "aws_service_discovery_http_namespace.app1_qa",
            "aws_service_discovery_http_namespace.app1_uat",
            "data.aws_vpc.main"
          ]
        },
        {
          "index_key": "uat",
          "schema_version": 0,
          "attributes": {
            "arn": "arn:aws:elasticloadbalancing:us-east-1:552940445807:targetgroup/app-4-uat-f-tg/0517800daf4e6a4a",
            "arn_suffix": "targetgroup/app-4-uat-f-tg/0517800daf4e6a4a",
            "connection_termination": null,
            "deregistration_delay": "300",
            "health_check": [
              {
                "enabled": true,
                "healthy_threshold": 2,
                "interval": 30,
                "matcher": "200-399",
                "path": "/",
                "port": "traffic-port",
                "protocol": "HTTP",
                "timeout": 5,
                "unhealthy_threshold": 2
              }
            ],
            "id": "arn:aws:elasticloadbalancing:us-east-1:552940445807:targetgroup/app-4-uat-f-tg/0517800daf4e6a4a",
            "ip_address_type": "ipv4",
            "lambda_multi_value_headers_enabled": false,
            "load_balancer_arns": [
              "arn:aws:elasticloadbalancing:us-east-1:552940445807:loadbalancer/app/emp-uat-frontend-alb/0d8c6673fbec16cf"
            ],
            "load_balancing_algorithm_type": "round_robin",
            "load_balancing_anomaly_mitigation": "off",
            "load_balancing_cross_zone_enabled": "use_load_balancer_configuration",
            "name": "app-4-uat-f-tg",
            "name_prefix": "",
            "port": 80,
            "preserve_client_ip": null,
            "protocol": "HTTP",
            "protocol_version": "HTTP1",
            "proxy_protocol_v2": false,
            "region": "us-east-1",
            "slow_start": 0,
            "stickiness": [
              {
                "cookie_duration": 86400,
                "cookie_name": "",
                "enabled": false,
                "type": "lb_cookie"
              }
            ],
            "tags": {},
            "tags_all": {},
            "target_control_port": 0,
            "target_failover": [
              {
                "on_deregistration": null,
                "on_unhealthy": null
              }
            ],
            "target_group_health": [
              {
                "dns_failover": [
                  {
                    "minimum_healthy_targets_count": "1",
                    "minimum_healthy_targets_percentage": "off"
                  }
                ],
                "unhealthy_state_routing": [
                  {
                    "minimum_healthy_targets_count": 1,
                    "minimum_healthy_targets_percentage": "off"
                  }
                ]
              }
            ],
            "target_health_state": [
              {
                "enable_unhealthy_connection_termination": null,
                "unhealthy_draining_interval": null
              }
            ],
            "target_type": "ip",
            "vpc_id": "vpc-02cb40b4e650bf1fb"
          },
          "sensitive_attributes": [],
          "identity_schema_version": 0,
          "identity": {
            "arn": "arn:aws:elasticloadbalancing:us-east-1:552940445807:targetgroup/app-4-uat-f-tg/0517800daf4e6a4a"
          },
          "private": "bnVsbA==",
          "dependencies": [
            "aws_ecs_cluster.dev",
            "aws_ecs_cluster.prod",
            "aws_ecs_cluster.qa",
            "aws_ecs_cluster.uat",
            "aws_service_discovery_http_namespace.app1_dev",
            "aws_service_discovery_http_namespace.app1_prod",
            "aws_service_discovery_http_namespace.app1_qa",
            "aws_service_discovery_http_namespace.app1_uat",
            "data.aws_vpc.main"
          ]
        }
      ]
    },
    {
      "mode": "managed",
      "type": "aws_security_group",
      "name": "alb",
      "provider": "provider[\"registry.terraform.io/hashicorp/aws\"]",
      "instances": [
        {
          "schema_version": 1,
          "attributes": {
            "arn": "arn:aws:ec2:us-east-1:552940445807:security-group/sg-0979e23d01d8101bd",
            "description": "Security group for frontend ALB",
            "egress": [
              {
                "cidr_blocks": [
                  "0.0.0.0/0"
                ],
                "description": "Allow all outbound traffic",
                "from_port": 0,
                "ipv6_cidr_blocks": [],
                "prefix_list_ids": [],
                "protocol": "-1",
                "security_groups": [],
                "self": false,
                "to_port": 0
              }
            ],
            "id": "sg-0979e23d01d8101bd",
            "ingress": [
              {
                "cidr_blocks": [
                  "0.0.0.0/0"
                ],
                "description": "Allow HTTP",
                "from_port": 80,
                "ipv6_cidr_blocks": [],
                "prefix_list_ids": [],
                "protocol": "tcp",
                "security_groups": [],
                "self": false,
                "to_port": 80
              }
            ],
            "name": "app-4-alb-sg",
            "name_prefix": "",
            "owner_id": "552940445807",
            "region": "us-east-1",
            "revoke_rules_on_delete": false,
            "tags": {
              "Name": "app-4-alb-sg"
            },
            "tags_all": {
              "Name": "app-4-alb-sg"
            },
            "timeouts": null,
            "vpc_id": "vpc-02cb40b4e650bf1fb"
          },
          "sensitive_attributes": [],
          "identity_schema_version": 0,
          "identity": {
            "account_id": "552940445807",
            "id": "sg-0979e23d01d8101bd",
            "region": "us-east-1"
          },
          "private": "eyJlMmJmYjczMC1lY2FhLTExZTYtOGY4OC0zNDM2M2JjN2M0YzAiOnsiY3JlYXRlIjo2MDAwMDAwMDAwMDAsImRlbGV0ZSI6OTAwMDAwMDAwMDAwfSwic2NoZW1hX3ZlcnNpb24iOiIxIn0=",
          "dependencies": [
            "data.aws_vpc.main"
          ]
        }
      ]
    },
    {
      "mode": "managed",
      "type": "aws_security_group",
      "name": "ecs",
      "provider": "provider[\"registry.terraform.io/hashicorp/aws\"]",
      "instances": [
        {
          "schema_version": 1,
          "attributes": {
            "arn": "arn:aws:ec2:us-east-1:552940445807:security-group/sg-0a6dbd5b2400543e2",
            "description": "Security group for ECS services",
            "egress": [
              {
                "cidr_blocks": [
                  "0.0.0.0/0"
                ],
                "description": "Allow all outbound traffic",
                "from_port": 0,
                "ipv6_cidr_blocks": [],
                "prefix_list_ids": [],
                "protocol": "-1",
                "security_groups": [],
                "self": false,
                "to_port": 0
              }
            ],
            "id": "sg-0a6dbd5b2400543e2",
            "ingress": [
              {
                "cidr_blocks": [],
                "description": "Allow HTTP from ALB",
                "from_port": 80,
                "ipv6_cidr_blocks": [],
                "prefix_list_ids": [],
                "protocol": "tcp",
                "security_groups": [
                  "sg-0979e23d01d8101bd"
                ],
                "self": false,
                "to_port": 80
              },
              {
                "cidr_blocks": [],
                "description": "Allow MySQL from ECS services",
                "from_port": 5432,
                "ipv6_cidr_blocks": [],
                "prefix_list_ids": [],
                "protocol": "tcp",
                "security_groups": [
                  "sg-0979e23d01d8101bd"
                ],
                "self": false,
                "to_port": 5432
              },
              {
                "cidr_blocks": [],
                "description": "Allow backend traffic from ALB",
                "from_port": 8000,
                "ipv6_cidr_blocks": [],
                "prefix_list_ids": [],
                "protocol": "tcp",
                "security_groups": [
                  "sg-0979e23d01d8101bd"
                ],
                "self": false,
                "to_port": 8000
              }
            ],
            "name": "app-4-ecs-sg",
            "name_prefix": "",
            "owner_id": "552940445807",
            "region": "us-east-1",
            "revoke_rules_on_delete": false,
            "tags": {
              "Name": "app-4-ecs-sg"
            },
            "tags_all": {
              "Name": "app-4-ecs-sg"
            },
            "timeouts": null,
            "vpc_id": "vpc-02cb40b4e650bf1fb"
          },
          "sensitive_attributes": [],
          "identity_schema_version": 0,
          "identity": {
            "account_id": "552940445807",
            "id": "sg-0a6dbd5b2400543e2",
            "region": "us-east-1"
          },
          "private": "eyJlMmJmYjczMC1lY2FhLTExZTYtOGY4OC0zNDM2M2JjN2M0YzAiOnsiY3JlYXRlIjo2MDAwMDAwMDAwMDAsImRlbGV0ZSI6OTAwMDAwMDAwMDAwfSwic2NoZW1hX3ZlcnNpb24iOiIxIn0=",
          "dependencies": [
            "aws_security_group.alb",
            "data.aws_vpc.main"
          ]
        }
      ]
    },
    {
      "mode": "managed",
      "type": "aws_service_discovery_http_namespace",
      "name": "app1_dev",
      "provider": "provider[\"registry.terraform.io/hashicorp/aws\"]",
      "instances": [
        {
          "schema_version": 0,
          "attributes": {
            "arn": "arn:aws:servicediscovery:us-east-1:552940445807:namespace/ns-jerrpqcwb7hw2p2l",
            "description": "",
            "http_name": "app1-dev",
            "id": "ns-jerrpqcwb7hw2p2l",
            "name": "app1-dev",
            "region": "us-east-1",
            "tags": {},
            "tags_all": {}
          },
          "sensitive_attributes": [],
          "identity_schema_version": 0,
          "private": "bnVsbA=="
        }
      ]
    },
    {
      "mode": "managed",
      "type": "aws_service_discovery_http_namespace",
      "name": "app1_prod",
      "provider": "provider[\"registry.terraform.io/hashicorp/aws\"]",
      "instances": [
        {
          "schema_version": 0,
          "attributes": {
            "arn": "arn:aws:servicediscovery:us-east-1:552940445807:namespace/ns-gtclfg3l33c65fsr",
            "description": "",
            "http_name": "app1-prod",
            "id": "ns-gtclfg3l33c65fsr",
            "name": "app1-prod",
            "region": "us-east-1",
            "tags": {},
            "tags_all": {}
          },
          "sensitive_attributes": [],
          "identity_schema_version": 0,
          "private": "bnVsbA=="
        }
      ]
    },
    {
      "mode": "managed",
      "type": "aws_service_discovery_http_namespace",
      "name": "app1_qa",
      "provider": "provider[\"registry.terraform.io/hashicorp/aws\"]",
      "instances": [
        {
          "schema_version": 0,
          "attributes": {
            "arn": "arn:aws:servicediscovery:us-east-1:552940445807:namespace/ns-aqi5ojf4y3gj24tm",
            "description": "",
            "http_name": "app1-qa",
            "id": "ns-aqi5ojf4y3gj24tm",
            "name": "app1-qa",
            "region": "us-east-1",
            "tags": {},
            "tags_all": {}
          },
          "sensitive_attributes": [],
          "identity_schema_version": 0,
          "private": "bnVsbA=="
        }
      ]
    },
    {
      "mode": "managed",
      "type": "aws_service_discovery_http_namespace",
      "name": "app1_uat",
      "provider": "provider[\"registry.terraform.io/hashicorp/aws\"]",
      "instances": [
        {
          "schema_version": 0,
          "attributes": {
            "arn": "arn:aws:servicediscovery:us-east-1:552940445807:namespace/ns-kb44jyo2gcgmvn5g",
            "description": "",
            "http_name": "app1-uat",
            "id": "ns-kb44jyo2gcgmvn5g",
            "name": "app1-uat",
            "region": "us-east-1",
            "tags": {},
            "tags_all": {}
          },
          "sensitive_attributes": [],
          "identity_schema_version": 0,
          "private": "bnVsbA=="
        }
      ]
    }
  ],
  "check_results": null
}
